// !$*UTF8*$!
{
	archiveVersion = 1;
	classes = {
	};
	objectVersion = 46;
	objects = {

/* Begin PBXBuildFile section */
		12CB6BF2AD854A26A910C8A7 /* libPods.a in Frameworks */ = {isa = PBXBuildFile; fileRef = BFF1116FFBCD472C835517F8 /* libPods.a */; };
		4702DFA518BE29E8004B084F /* Courier Prime Bold.ttf in Resources */ = {isa = PBXBuildFile; fileRef = 4702DFA418BE29E8004B084F /* Courier Prime Bold.ttf */; };
		472A77EA17D20EBF000EBDC0 /* Default-568h.png in Resources */ = {isa = PBXBuildFile; fileRef = 472A77E617D20EBE000EBDC0 /* Default-568h.png */; };
		472A77EB17D20EBF000EBDC0 /* Default-568h@2x.png in Resources */ = {isa = PBXBuildFile; fileRef = 472A77E717D20EBE000EBDC0 /* Default-568h@2x.png */; };
		472A77EC17D20EBF000EBDC0 /* Default.png in Resources */ = {isa = PBXBuildFile; fileRef = 472A77E817D20EBE000EBDC0 /* Default.png */; };
		472A77ED17D20EBF000EBDC0 /* Default@2x.png in Resources */ = {isa = PBXBuildFile; fileRef = 472A77E917D20EBF000EBDC0 /* Default@2x.png */; };
		47341AC817C615230076EB24 /* 2-1-Number-of-standers-icon.png in Resources */ = {isa = PBXBuildFile; fileRef = 47341AC617C615230076EB24 /* 2-1-Number-of-standers-icon.png */; };
		47341AC917C615230076EB24 /* 2-1-Number-of-standers-icon@2x.png in Resources */ = {isa = PBXBuildFile; fileRef = 47341AC717C615230076EB24 /* 2-1-Number-of-standers-icon@2x.png */; };
		47341ADC17C6738E0076EB24 /* 3-2-Dot-on-map.png in Resources */ = {isa = PBXBuildFile; fileRef = 47341ADA17C6738E0076EB24 /* 3-2-Dot-on-map.png */; };
		47341ADD17C6738E0076EB24 /* 3-2-Dot-on-map@2x.png in Resources */ = {isa = PBXBuildFile; fileRef = 47341ADB17C6738E0076EB24 /* 3-2-Dot-on-map@2x.png */; };
		47341AE017C675230076EB24 /* 3-3-Line-on-map.png in Resources */ = {isa = PBXBuildFile; fileRef = 47341ADE17C675230076EB24 /* 3-3-Line-on-map.png */; };
		47341AE117C675230076EB24 /* 3-3-Line-on-map@2x.png in Resources */ = {isa = PBXBuildFile; fileRef = 47341ADF17C675230076EB24 /* 3-3-Line-on-map@2x.png */; };
		4765BB3918B4E22A001AA068 /* Images.xcassets in Resources */ = {isa = PBXBuildFile; fileRef = 4765BB3818B4E22A001AA068 /* Images.xcassets */; };
		47BA160317E1B4B6008CD03C /* 4-1-Arrow-down.png in Resources */ = {isa = PBXBuildFile; fileRef = 47BA15FD17E1B4B6008CD03C /* 4-1-Arrow-down.png */; };
		47BA160417E1B4B6008CD03C /* 4-1-Arrow-down@2x.png in Resources */ = {isa = PBXBuildFile; fileRef = 47BA15FE17E1B4B6008CD03C /* 4-1-Arrow-down@2x.png */; };
		47BA160517E1B4B6008CD03C /* 4-2-Close-button.png in Resources */ = {isa = PBXBuildFile; fileRef = 47BA15FF17E1B4B6008CD03C /* 4-2-Close-button.png */; };
		47BA160617E1B4B6008CD03C /* 4-2-Close-button@2x.png in Resources */ = {isa = PBXBuildFile; fileRef = 47BA160017E1B4B6008CD03C /* 4-2-Close-button@2x.png */; };
		47BA160717E1B4B6008CD03C /* 4-3-Stand-button.png in Resources */ = {isa = PBXBuildFile; fileRef = 47BA160117E1B4B6008CD03C /* 4-3-Stand-button.png */; };
		47BA160817E1B4B6008CD03C /* 4-3-Stand-button@2x.png in Resources */ = {isa = PBXBuildFile; fileRef = 47BA160217E1B4B6008CD03C /* 4-3-Stand-button@2x.png */; };
		47BA160B17E1B6B1008CD03C /* 3-1-Back-arrow.png in Resources */ = {isa = PBXBuildFile; fileRef = 47BA160917E1B6B1008CD03C /* 3-1-Back-arrow.png */; };
		47BA160C17E1B6B1008CD03C /* 3-1-Back-arrow@2x.png in Resources */ = {isa = PBXBuildFile; fileRef = 47BA160A17E1B6B1008CD03C /* 3-1-Back-arrow@2x.png */; };
		47BA161717E31268008CD03C /* 4-5-Stripes-background.png in Resources */ = {isa = PBXBuildFile; fileRef = 47BA161517E31267008CD03C /* 4-5-Stripes-background.png */; };
		47BA161817E31268008CD03C /* 4-5-Stripes-background@2x.png in Resources */ = {isa = PBXBuildFile; fileRef = 47BA161617E31268008CD03C /* 4-5-Stripes-background@2x.png */; };
		47BA161B17E31867008CD03C /* 4-6-Stand-button-warning.png in Resources */ = {isa = PBXBuildFile; fileRef = 47BA161917E31867008CD03C /* 4-6-Stand-button-warning.png */; };
		47BA161C17E31867008CD03C /* 4-6-Stand-button-warning@2x.png in Resources */ = {isa = PBXBuildFile; fileRef = 47BA161A17E31867008CD03C /* 4-6-Stand-button-warning@2x.png */; };
		47BA161F17E31A29008CD03C /* 4-4-Stand-button-in-progress.png in Resources */ = {isa = PBXBuildFile; fileRef = 47BA161D17E31A28008CD03C /* 4-4-Stand-button-in-progress.png */; };
		47BA162017E31A29008CD03C /* 4-4-Stand-button-in-progress@2x.png in Resources */ = {isa = PBXBuildFile; fileRef = 47BA161E17E31A28008CD03C /* 4-4-Stand-button-in-progress@2x.png */; };
		47E435DE180437900081389D /* 114 - App Icon.png in Resources */ = {isa = PBXBuildFile; fileRef = 47E435DA180437900081389D /* 114 - App Icon.png */; };
		47E435DF180437900081389D /* 114 - App Icon@2x.png in Resources */ = {isa = PBXBuildFile; fileRef = 47E435DB180437900081389D /* 114 - App Icon@2x.png */; };
		47E435E0180437900081389D /* 58 - Settings & Spotlight.png in Resources */ = {isa = PBXBuildFile; fileRef = 47E435DC180437900081389D /* 58 - Settings & Spotlight.png */; };
		47E435E1180437900081389D /* 58 - Settings & Spotlight@2x.png in Resources */ = {isa = PBXBuildFile; fileRef = 47E435DD180437900081389D /* 58 - Settings & Spotlight@2x.png */; };
		4E0D1FEF17AD3B97006B9098 /* CoreLocation.framework in Frameworks */ = {isa = PBXBuildFile; fileRef = 4E0D1FEE17AD3B97006B9098 /* CoreLocation.framework */; };
		4E0D1FF217AD3DF4006B9098 /* SquareViewController.m in Sources */ = {isa = PBXBuildFile; fileRef = 4E0D1FF117AD3DF4006B9098 /* SquareViewController.m */; };
		4E0D1FF417AD557C006B9098 /* CoreMotion.framework in Frameworks */ = {isa = PBXBuildFile; fileRef = 4E0D1FF317AD557C006B9098 /* CoreMotion.framework */; };
		4E0EF7181799E6E300BA6C32 /* UIKit.framework in Frameworks */ = {isa = PBXBuildFile; fileRef = 4E0EF7171799E6E300BA6C32 /* UIKit.framework */; };
		4E0EF71A1799E6E300BA6C32 /* Foundation.framework in Frameworks */ = {isa = PBXBuildFile; fileRef = 4E0EF7191799E6E300BA6C32 /* Foundation.framework */; };
		4E0EF71C1799E6E300BA6C32 /* CoreGraphics.framework in Frameworks */ = {isa = PBXBuildFile; fileRef = 4E0EF71B1799E6E300BA6C32 /* CoreGraphics.framework */; };
		4E0EF7221799E6E300BA6C32 /* InfoPlist.strings in Resources */ = {isa = PBXBuildFile; fileRef = 4E0EF7201799E6E300BA6C32 /* InfoPlist.strings */; };
		4E0EF7241799E6E300BA6C32 /* main.m in Sources */ = {isa = PBXBuildFile; fileRef = 4E0EF7231799E6E300BA6C32 /* main.m */; };
		4E0EF7281799E6E300BA6C32 /* AppDelegate.m in Sources */ = {isa = PBXBuildFile; fileRef = 4E0EF7271799E6E300BA6C32 /* AppDelegate.m */; };
		4E0EF7311799E6E300BA6C32 /* MainStoryboard.storyboard in Resources */ = {isa = PBXBuildFile; fileRef = 4E0EF72F1799E6E300BA6C32 /* MainStoryboard.storyboard */; };
		4E0EF7341799E6E300BA6C32 /* ViewController.m in Sources */ = {isa = PBXBuildFile; fileRef = 4E0EF7331799E6E300BA6C32 /* ViewController.m */; };
		4E0EF7421799EF2C00BA6C32 /* SquareListViewController.m in Sources */ = {isa = PBXBuildFile; fileRef = 4E0EF7411799EF2C00BA6C32 /* SquareListViewController.m */; };
		4E0EF7441799F0EE00BA6C32 /* MapKit.framework in Frameworks */ = {isa = PBXBuildFile; fileRef = 4E0EF7431799F0EE00BA6C32 /* MapKit.framework */; };
		4E0EF7461799F3A800BA6C32 /* FSN_categories.m in Sources */ = {isa = PBXBuildFile; fileRef = 4E0EF73B1799EEA300BA6C32 /* FSN_categories.m */; };
		4E0EF7481799F3A800BA6C32 /* FSNConnection.m in Sources */ = {isa = PBXBuildFile; fileRef = 4E0EF73D1799EEA300BA6C32 /* FSNConnection.m */; };
		4E0EF74A1799F3A800BA6C32 /* FSNData.m in Sources */ = {isa = PBXBuildFile; fileRef = 4E0EF73F1799EEA300BA6C32 /* FSNData.m */; };
		4E30214E1808636C0076FACB /* StandingView.xib in Resources */ = {isa = PBXBuildFile; fileRef = 4E30214D1808636C0076FACB /* StandingView.xib */; };
		4E302150180863950076FACB /* GraceView.xib in Resources */ = {isa = PBXBuildFile; fileRef = 4E30214F180863950076FACB /* GraceView.xib */; };
		4E302152180864640076FACB /* StartView.xib in Resources */ = {isa = PBXBuildFile; fileRef = 4E302151180864640076FACB /* StartView.xib */; };
		4E302154180864880076FACB /* DoneView.xib in Resources */ = {isa = PBXBuildFile; fileRef = 4E302153180864880076FACB /* DoneView.xib */; };
		4E398F8618AE678000F105A4 /* NSDictionary+URLEncoding.m in Sources */ = {isa = PBXBuildFile; fileRef = 4E398F8518AE678000F105A4 /* NSDictionary+URLEncoding.m */; };
		4E48B7B018BF6B1100969BC9 /* AboutViewController.m in Sources */ = {isa = PBXBuildFile; fileRef = 4E48B7AF18BF6B1100969BC9 /* AboutViewController.m */; };
		4E6BB4DF18B64B65008B2F64 /* AudioToolbox.framework in Frameworks */ = {isa = PBXBuildFile; fileRef = 4E6BB4DE18B64B65008B2F64 /* AudioToolbox.framework */; };
		4E80F00F17CF938F00194023 /* Chunk.otf in Resources */ = {isa = PBXBuildFile; fileRef = 4E80F00E17CF938F00194023 /* Chunk.otf */; };
		4E80F01517CF990600194023 /* SquareTableViewCell.m in Sources */ = {isa = PBXBuildFile; fileRef = 4E80F01417CF990600194023 /* SquareTableViewCell.m */; };
		4E80F01917CFCBDB00194023 /* kant.gpx in Resources */ = {isa = PBXBuildFile; fileRef = 4E80F01817CFCBDB00194023 /* kant.gpx */; };
		4E80F01C17CFCCF100194023 /* ActionButton.m in Sources */ = {isa = PBXBuildFile; fileRef = 4E80F01B17CFCCF100194023 /* ActionButton.m */; };
		4E80F02717CFDA3F00194023 /* FontLabel.m in Sources */ = {isa = PBXBuildFile; fileRef = 4E80F02617CFDA3E00194023 /* FontLabel.m */; };
		4E92042318AA64D00012A839 /* Social.framework in Frameworks */ = {isa = PBXBuildFile; fileRef = 4E92042218AA64D00012A839 /* Social.framework */; };
		4E92042618AA87A90012A839 /* StandManager.m in Sources */ = {isa = PBXBuildFile; fileRef = 4E92042518AA87A90012A839 /* StandManager.m */; };
		4E9BA4B718ABC01500C9A2DC /* ShareViewController.m in Sources */ = {isa = PBXBuildFile; fileRef = 4E9BA4B618ABC01500C9A2DC /* ShareViewController.m */; };
		4EDAE3DA17B4F17000484E79 /* libz.dylib in Frameworks */ = {isa = PBXBuildFile; fileRef = 4EDAE3D917B4F17000484E79 /* libz.dylib */; };
		4EE7A5FC17B92E8D00B2CF0A /* StandViewController.m in Sources */ = {isa = PBXBuildFile; fileRef = 4EE7A5FB17B92E8D00B2CF0A /* StandViewController.m */; };
/* End PBXBuildFile section */

/* Begin PBXFileReference section */
		4702DFA418BE29E8004B084F /* Courier Prime Bold.ttf */ = {isa = PBXFileReference; lastKnownFileType = file; path = "Courier Prime Bold.ttf"; sourceTree = "<group>"; };
		472A77E617D20EBE000EBDC0 /* Default-568h.png */ = {isa = PBXFileReference; lastKnownFileType = image.png; path = "Default-568h.png"; sourceTree = "<group>"; };
		472A77E717D20EBE000EBDC0 /* Default-568h@2x.png */ = {isa = PBXFileReference; lastKnownFileType = image.png; path = "Default-568h@2x.png"; sourceTree = "<group>"; };
		472A77E817D20EBE000EBDC0 /* Default.png */ = {isa = PBXFileReference; lastKnownFileType = image.png; path = Default.png; sourceTree = "<group>"; };
		472A77E917D20EBF000EBDC0 /* Default@2x.png */ = {isa = PBXFileReference; lastKnownFileType = image.png; path = "Default@2x.png"; sourceTree = "<group>"; };
		47341AC617C615230076EB24 /* 2-1-Number-of-standers-icon.png */ = {isa = PBXFileReference; lastKnownFileType = image.png; path = "2-1-Number-of-standers-icon.png"; sourceTree = "<group>"; };
		47341AC717C615230076EB24 /* 2-1-Number-of-standers-icon@2x.png */ = {isa = PBXFileReference; lastKnownFileType = image.png; path = "2-1-Number-of-standers-icon@2x.png"; sourceTree = "<group>"; };
		47341ADA17C6738E0076EB24 /* 3-2-Dot-on-map.png */ = {isa = PBXFileReference; lastKnownFileType = image.png; path = "3-2-Dot-on-map.png"; sourceTree = "<group>"; };
		47341ADB17C6738E0076EB24 /* 3-2-Dot-on-map@2x.png */ = {isa = PBXFileReference; lastKnownFileType = image.png; path = "3-2-Dot-on-map@2x.png"; sourceTree = "<group>"; };
		47341ADE17C675230076EB24 /* 3-3-Line-on-map.png */ = {isa = PBXFileReference; lastKnownFileType = image.png; path = "3-3-Line-on-map.png"; sourceTree = "<group>"; };
		47341ADF17C675230076EB24 /* 3-3-Line-on-map@2x.png */ = {isa = PBXFileReference; lastKnownFileType = image.png; path = "3-3-Line-on-map@2x.png"; sourceTree = "<group>"; };
		4765BB3818B4E22A001AA068 /* Images.xcassets */ = {isa = PBXFileReference; lastKnownFileType = folder.assetcatalog; path = Images.xcassets; sourceTree = "<group>"; };
		47BA15FD17E1B4B6008CD03C /* 4-1-Arrow-down.png */ = {isa = PBXFileReference; lastKnownFileType = image.png; path = "4-1-Arrow-down.png"; sourceTree = "<group>"; };
		47BA15FE17E1B4B6008CD03C /* 4-1-Arrow-down@2x.png */ = {isa = PBXFileReference; lastKnownFileType = image.png; path = "4-1-Arrow-down@2x.png"; sourceTree = "<group>"; };
		47BA15FF17E1B4B6008CD03C /* 4-2-Close-button.png */ = {isa = PBXFileReference; lastKnownFileType = image.png; path = "4-2-Close-button.png"; sourceTree = "<group>"; };
		47BA160017E1B4B6008CD03C /* 4-2-Close-button@2x.png */ = {isa = PBXFileReference; lastKnownFileType = image.png; path = "4-2-Close-button@2x.png"; sourceTree = "<group>"; };
		47BA160117E1B4B6008CD03C /* 4-3-Stand-button.png */ = {isa = PBXFileReference; lastKnownFileType = image.png; path = "4-3-Stand-button.png"; sourceTree = "<group>"; };
		47BA160217E1B4B6008CD03C /* 4-3-Stand-button@2x.png */ = {isa = PBXFileReference; lastKnownFileType = image.png; path = "4-3-Stand-button@2x.png"; sourceTree = "<group>"; };
		47BA160917E1B6B1008CD03C /* 3-1-Back-arrow.png */ = {isa = PBXFileReference; lastKnownFileType = image.png; path = "3-1-Back-arrow.png"; sourceTree = "<group>"; };
		47BA160A17E1B6B1008CD03C /* 3-1-Back-arrow@2x.png */ = {isa = PBXFileReference; lastKnownFileType = image.png; path = "3-1-Back-arrow@2x.png"; sourceTree = "<group>"; };
		47BA161517E31267008CD03C /* 4-5-Stripes-background.png */ = {isa = PBXFileReference; lastKnownFileType = image.png; path = "4-5-Stripes-background.png"; sourceTree = "<group>"; };
		47BA161617E31268008CD03C /* 4-5-Stripes-background@2x.png */ = {isa = PBXFileReference; lastKnownFileType = image.png; path = "4-5-Stripes-background@2x.png"; sourceTree = "<group>"; };
		47BA161917E31867008CD03C /* 4-6-Stand-button-warning.png */ = {isa = PBXFileReference; lastKnownFileType = image.png; path = "4-6-Stand-button-warning.png"; sourceTree = "<group>"; };
		47BA161A17E31867008CD03C /* 4-6-Stand-button-warning@2x.png */ = {isa = PBXFileReference; lastKnownFileType = image.png; path = "4-6-Stand-button-warning@2x.png"; sourceTree = "<group>"; };
		47BA161D17E31A28008CD03C /* 4-4-Stand-button-in-progress.png */ = {isa = PBXFileReference; lastKnownFileType = image.png; path = "4-4-Stand-button-in-progress.png"; sourceTree = "<group>"; };
		47BA161E17E31A28008CD03C /* 4-4-Stand-button-in-progress@2x.png */ = {isa = PBXFileReference; lastKnownFileType = image.png; path = "4-4-Stand-button-in-progress@2x.png"; sourceTree = "<group>"; };
		47E435DA180437900081389D /* 114 - App Icon.png */ = {isa = PBXFileReference; lastKnownFileType = image.png; path = "114 - App Icon.png"; sourceTree = "<group>"; };
		47E435DB180437900081389D /* 114 - App Icon@2x.png */ = {isa = PBXFileReference; lastKnownFileType = image.png; path = "114 - App Icon@2x.png"; sourceTree = "<group>"; };
		47E435DC180437900081389D /* 58 - Settings & Spotlight.png */ = {isa = PBXFileReference; lastKnownFileType = image.png; path = "58 - Settings & Spotlight.png"; sourceTree = "<group>"; };
		47E435DD180437900081389D /* 58 - Settings & Spotlight@2x.png */ = {isa = PBXFileReference; lastKnownFileType = image.png; path = "58 - Settings & Spotlight@2x.png"; sourceTree = "<group>"; };
		4E0D1FEE17AD3B97006B9098 /* CoreLocation.framework */ = {isa = PBXFileReference; lastKnownFileType = wrapper.framework; name = CoreLocation.framework; path = System/Library/Frameworks/CoreLocation.framework; sourceTree = SDKROOT; };
		4E0D1FF017AD3DF4006B9098 /* SquareViewController.h */ = {isa = PBXFileReference; fileEncoding = 4; lastKnownFileType = sourcecode.c.h; path = SquareViewController.h; sourceTree = "<group>"; };
		4E0D1FF117AD3DF4006B9098 /* SquareViewController.m */ = {isa = PBXFileReference; fileEncoding = 4; lastKnownFileType = sourcecode.c.objc; path = SquareViewController.m; sourceTree = "<group>"; };
		4E0D1FF317AD557C006B9098 /* CoreMotion.framework */ = {isa = PBXFileReference; lastKnownFileType = wrapper.framework; name = CoreMotion.framework; path = System/Library/Frameworks/CoreMotion.framework; sourceTree = SDKROOT; };
		4E0EF7141799E6E300BA6C32 /* Stand for Something.app */ = {isa = PBXFileReference; explicitFileType = wrapper.application; includeInIndex = 0; path = "Stand for Something.app"; sourceTree = BUILT_PRODUCTS_DIR; };
		4E0EF7171799E6E300BA6C32 /* UIKit.framework */ = {isa = PBXFileReference; lastKnownFileType = wrapper.framework; name = UIKit.framework; path = System/Library/Frameworks/UIKit.framework; sourceTree = SDKROOT; };
		4E0EF7191799E6E300BA6C32 /* Foundation.framework */ = {isa = PBXFileReference; lastKnownFileType = wrapper.framework; name = Foundation.framework; path = System/Library/Frameworks/Foundation.framework; sourceTree = SDKROOT; };
		4E0EF71B1799E6E300BA6C32 /* CoreGraphics.framework */ = {isa = PBXFileReference; lastKnownFileType = wrapper.framework; name = CoreGraphics.framework; path = System/Library/Frameworks/CoreGraphics.framework; sourceTree = SDKROOT; };
		4E0EF71F1799E6E300BA6C32 /* Stand for Something-Info.plist */ = {isa = PBXFileReference; lastKnownFileType = text.plist.xml; path = "Stand for Something-Info.plist"; sourceTree = "<group>"; };
		4E0EF7211799E6E300BA6C32 /* en */ = {isa = PBXFileReference; lastKnownFileType = text.plist.strings; name = en; path = en.lproj/InfoPlist.strings; sourceTree = "<group>"; };
		4E0EF7231799E6E300BA6C32 /* main.m */ = {isa = PBXFileReference; lastKnownFileType = sourcecode.c.objc; path = main.m; sourceTree = "<group>"; };
		4E0EF7251799E6E300BA6C32 /* Stand for Something-Prefix.pch */ = {isa = PBXFileReference; lastKnownFileType = sourcecode.c.h; path = "Stand for Something-Prefix.pch"; sourceTree = "<group>"; };
		4E0EF7261799E6E300BA6C32 /* AppDelegate.h */ = {isa = PBXFileReference; lastKnownFileType = sourcecode.c.h; path = AppDelegate.h; sourceTree = "<group>"; };
		4E0EF7271799E6E300BA6C32 /* AppDelegate.m */ = {isa = PBXFileReference; lastKnownFileType = sourcecode.c.objc; path = AppDelegate.m; sourceTree = "<group>"; };
		4E0EF7301799E6E300BA6C32 /* en */ = {isa = PBXFileReference; lastKnownFileType = file.storyboard; name = en; path = en.lproj/MainStoryboard.storyboard; sourceTree = "<group>"; };
		4E0EF7321799E6E300BA6C32 /* ViewController.h */ = {isa = PBXFileReference; lastKnownFileType = sourcecode.c.h; path = ViewController.h; sourceTree = "<group>"; };
		4E0EF7331799E6E300BA6C32 /* ViewController.m */ = {isa = PBXFileReference; lastKnownFileType = sourcecode.c.objc; path = ViewController.m; sourceTree = "<group>"; };
		4E0EF73A1799EEA300BA6C32 /* FSN_categories.h */ = {isa = PBXFileReference; lastKnownFileType = sourcecode.c.h; path = FSN_categories.h; sourceTree = "<group>"; };
		4E0EF73B1799EEA300BA6C32 /* FSN_categories.m */ = {isa = PBXFileReference; lastKnownFileType = sourcecode.c.objc; path = FSN_categories.m; sourceTree = "<group>"; };
		4E0EF73C1799EEA300BA6C32 /* FSNConnection.h */ = {isa = PBXFileReference; lastKnownFileType = sourcecode.c.h; path = FSNConnection.h; sourceTree = "<group>"; };
		4E0EF73D1799EEA300BA6C32 /* FSNConnection.m */ = {isa = PBXFileReference; lastKnownFileType = sourcecode.c.objc; path = FSNConnection.m; sourceTree = "<group>"; };
		4E0EF73E1799EEA300BA6C32 /* FSNData.h */ = {isa = PBXFileReference; lastKnownFileType = sourcecode.c.h; path = FSNData.h; sourceTree = "<group>"; };
		4E0EF73F1799EEA300BA6C32 /* FSNData.m */ = {isa = PBXFileReference; lastKnownFileType = sourcecode.c.objc; path = FSNData.m; sourceTree = "<group>"; };
		4E0EF7401799EF2C00BA6C32 /* SquareListViewController.h */ = {isa = PBXFileReference; fileEncoding = 4; lastKnownFileType = sourcecode.c.h; path = SquareListViewController.h; sourceTree = "<group>"; };
		4E0EF7411799EF2C00BA6C32 /* SquareListViewController.m */ = {isa = PBXFileReference; fileEncoding = 4; lastKnownFileType = sourcecode.c.objc; path = SquareListViewController.m; sourceTree = "<group>"; };
		4E0EF7431799F0EE00BA6C32 /* MapKit.framework */ = {isa = PBXFileReference; lastKnownFileType = wrapper.framework; name = MapKit.framework; path = System/Library/Frameworks/MapKit.framework; sourceTree = SDKROOT; };
		4E30214D1808636C0076FACB /* StandingView.xib */ = {isa = PBXFileReference; fileEncoding = 4; lastKnownFileType = file.xib; path = StandingView.xib; sourceTree = "<group>"; };
		4E30214F180863950076FACB /* GraceView.xib */ = {isa = PBXFileReference; fileEncoding = 4; lastKnownFileType = file.xib; path = GraceView.xib; sourceTree = "<group>"; };
		4E302151180864640076FACB /* StartView.xib */ = {isa = PBXFileReference; fileEncoding = 4; lastKnownFileType = file.xib; path = StartView.xib; sourceTree = "<group>"; };
		4E302153180864880076FACB /* DoneView.xib */ = {isa = PBXFileReference; fileEncoding = 4; lastKnownFileType = file.xib; path = DoneView.xib; sourceTree = "<group>"; };
		4E398F8418AE678000F105A4 /* NSDictionary+URLEncoding.h */ = {isa = PBXFileReference; fileEncoding = 4; lastKnownFileType = sourcecode.c.h; path = "NSDictionary+URLEncoding.h"; sourceTree = "<group>"; };
		4E398F8518AE678000F105A4 /* NSDictionary+URLEncoding.m */ = {isa = PBXFileReference; fileEncoding = 4; lastKnownFileType = sourcecode.c.objc; path = "NSDictionary+URLEncoding.m"; sourceTree = "<group>"; };
		4E48B7AE18BF6B1100969BC9 /* AboutViewController.h */ = {isa = PBXFileReference; fileEncoding = 4; lastKnownFileType = sourcecode.c.h; path = AboutViewController.h; sourceTree = "<group>"; };
		4E48B7AF18BF6B1100969BC9 /* AboutViewController.m */ = {isa = PBXFileReference; fileEncoding = 4; lastKnownFileType = sourcecode.c.objc; path = AboutViewController.m; sourceTree = "<group>"; };
		4E6BB4DE18B64B65008B2F64 /* AudioToolbox.framework */ = {isa = PBXFileReference; lastKnownFileType = wrapper.framework; name = AudioToolbox.framework; path = System/Library/Frameworks/AudioToolbox.framework; sourceTree = SDKROOT; };
		4E80F00E17CF938F00194023 /* Chunk.otf */ = {isa = PBXFileReference; lastKnownFileType = file; path = Chunk.otf; sourceTree = "<group>"; };
		4E80F01317CF990600194023 /* SquareTableViewCell.h */ = {isa = PBXFileReference; fileEncoding = 4; lastKnownFileType = sourcecode.c.h; path = SquareTableViewCell.h; sourceTree = "<group>"; };
		4E80F01417CF990600194023 /* SquareTableViewCell.m */ = {isa = PBXFileReference; fileEncoding = 4; lastKnownFileType = sourcecode.c.objc; path = SquareTableViewCell.m; sourceTree = "<group>"; };
		4E80F01817CFCBDB00194023 /* kant.gpx */ = {isa = PBXFileReference; fileEncoding = 4; lastKnownFileType = text.xml; path = kant.gpx; sourceTree = "<group>"; };
		4E80F01A17CFCCF100194023 /* ActionButton.h */ = {isa = PBXFileReference; fileEncoding = 4; lastKnownFileType = sourcecode.c.h; path = ActionButton.h; sourceTree = "<group>"; };
		4E80F01B17CFCCF100194023 /* ActionButton.m */ = {isa = PBXFileReference; fileEncoding = 4; lastKnownFileType = sourcecode.c.objc; path = ActionButton.m; sourceTree = "<group>"; };
		4E80F02517CFDA3E00194023 /* FontLabel.h */ = {isa = PBXFileReference; fileEncoding = 4; lastKnownFileType = sourcecode.c.h; path = FontLabel.h; sourceTree = "<group>"; };
		4E80F02617CFDA3E00194023 /* FontLabel.m */ = {isa = PBXFileReference; fileEncoding = 4; lastKnownFileType = sourcecode.c.objc; path = FontLabel.m; sourceTree = "<group>"; };
		4E92042218AA64D00012A839 /* Social.framework */ = {isa = PBXFileReference; lastKnownFileType = wrapper.framework; name = Social.framework; path = System/Library/Frameworks/Social.framework; sourceTree = SDKROOT; };
		4E92042418AA87A90012A839 /* StandManager.h */ = {isa = PBXFileReference; fileEncoding = 4; lastKnownFileType = sourcecode.c.h; path = StandManager.h; sourceTree = "<group>"; };
		4E92042518AA87A90012A839 /* StandManager.m */ = {isa = PBXFileReference; fileEncoding = 4; lastKnownFileType = sourcecode.c.objc; path = StandManager.m; sourceTree = "<group>"; };
		4E9BA4B518ABC01500C9A2DC /* ShareViewController.h */ = {isa = PBXFileReference; fileEncoding = 4; lastKnownFileType = sourcecode.c.h; path = ShareViewController.h; sourceTree = "<group>"; };
		4E9BA4B618ABC01500C9A2DC /* ShareViewController.m */ = {isa = PBXFileReference; fileEncoding = 4; lastKnownFileType = sourcecode.c.objc; path = ShareViewController.m; sourceTree = "<group>"; };
		4EDAE3D917B4F17000484E79 /* libz.dylib */ = {isa = PBXFileReference; lastKnownFileType = "compiled.mach-o.dylib"; name = libz.dylib; path = usr/lib/libz.dylib; sourceTree = SDKROOT; };
		4EE7A5FA17B92E8D00B2CF0A /* StandViewController.h */ = {isa = PBXFileReference; fileEncoding = 4; lastKnownFileType = sourcecode.c.h; path = StandViewController.h; sourceTree = "<group>"; };
		4EE7A5FB17B92E8D00B2CF0A /* StandViewController.m */ = {isa = PBXFileReference; fileEncoding = 4; lastKnownFileType = sourcecode.c.objc; path = StandViewController.m; sourceTree = "<group>"; };
		9133A8A5D683447690C17793 /* Pods.xcconfig */ = {isa = PBXFileReference; includeInIndex = 1; lastKnownFileType = text.xcconfig; name = Pods.xcconfig; path = Pods/Pods.xcconfig; sourceTree = "<group>"; };
		BFF1116FFBCD472C835517F8 /* libPods.a */ = {isa = PBXFileReference; explicitFileType = archive.ar; includeInIndex = 0; path = libPods.a; sourceTree = BUILT_PRODUCTS_DIR; };
/* End PBXFileReference section */

/* Begin PBXFrameworksBuildPhase section */
		4E0EF7111799E6E300BA6C32 /* Frameworks */ = {
			isa = PBXFrameworksBuildPhase;
			buildActionMask = 2147483647;
			files = (
				4E6BB4DF18B64B65008B2F64 /* AudioToolbox.framework in Frameworks */,
				4E92042318AA64D00012A839 /* Social.framework in Frameworks */,
				4EDAE3DA17B4F17000484E79 /* libz.dylib in Frameworks */,
				4E0D1FF417AD557C006B9098 /* CoreMotion.framework in Frameworks */,
				4E0D1FEF17AD3B97006B9098 /* CoreLocation.framework in Frameworks */,
				4E0EF7441799F0EE00BA6C32 /* MapKit.framework in Frameworks */,
				4E0EF7181799E6E300BA6C32 /* UIKit.framework in Frameworks */,
				4E0EF71A1799E6E300BA6C32 /* Foundation.framework in Frameworks */,
				4E0EF71C1799E6E300BA6C32 /* CoreGraphics.framework in Frameworks */,
				12CB6BF2AD854A26A910C8A7 /* libPods.a in Frameworks */,
			);
			runOnlyForDeploymentPostprocessing = 0;
		};
/* End PBXFrameworksBuildPhase section */

/* Begin PBXGroup section */
		472A77E317D204E7000EBDC0 /* Images */ = {
			isa = PBXGroup;
			children = (
				47E435DA180437900081389D /* 114 - App Icon.png */,
				47E435DB180437900081389D /* 114 - App Icon@2x.png */,
				47E435DC180437900081389D /* 58 - Settings & Spotlight.png */,
				47E435DD180437900081389D /* 58 - Settings & Spotlight@2x.png */,
				47BA161D17E31A28008CD03C /* 4-4-Stand-button-in-progress.png */,
				47BA161E17E31A28008CD03C /* 4-4-Stand-button-in-progress@2x.png */,
				47341AC617C615230076EB24 /* 2-1-Number-of-standers-icon.png */,
				47341AC717C615230076EB24 /* 2-1-Number-of-standers-icon@2x.png */,
				47BA160917E1B6B1008CD03C /* 3-1-Back-arrow.png */,
				47BA160A17E1B6B1008CD03C /* 3-1-Back-arrow@2x.png */,
				47341ADA17C6738E0076EB24 /* 3-2-Dot-on-map.png */,
				47341ADB17C6738E0076EB24 /* 3-2-Dot-on-map@2x.png */,
				47341ADE17C675230076EB24 /* 3-3-Line-on-map.png */,
				47341ADF17C675230076EB24 /* 3-3-Line-on-map@2x.png */,
				47BA15FD17E1B4B6008CD03C /* 4-1-Arrow-down.png */,
				47BA15FE17E1B4B6008CD03C /* 4-1-Arrow-down@2x.png */,
				47BA15FF17E1B4B6008CD03C /* 4-2-Close-button.png */,
				47BA160017E1B4B6008CD03C /* 4-2-Close-button@2x.png */,
				47BA160117E1B4B6008CD03C /* 4-3-Stand-button.png */,
				47BA160217E1B4B6008CD03C /* 4-3-Stand-button@2x.png */,
				47BA161517E31267008CD03C /* 4-5-Stripes-background.png */,
				47BA161617E31268008CD03C /* 4-5-Stripes-background@2x.png */,
				47BA161917E31867008CD03C /* 4-6-Stand-button-warning.png */,
				47BA161A17E31867008CD03C /* 4-6-Stand-button-warning@2x.png */,
				472A77E617D20EBE000EBDC0 /* Default-568h.png */,
				472A77E717D20EBE000EBDC0 /* Default-568h@2x.png */,
				472A77E817D20EBE000EBDC0 /* Default.png */,
				472A77E917D20EBF000EBDC0 /* Default@2x.png */,
			);
			name = Images;
			sourceTree = "<group>";
		};
		4E0EF70B1799E6E300BA6C32 = {
			isa = PBXGroup;
			children = (
				4E0EF71D1799E6E300BA6C32 /* Stand for Something */,
				4E0EF7161799E6E300BA6C32 /* Frameworks */,
				4E0EF7151799E6E300BA6C32 /* Products */,
				9133A8A5D683447690C17793 /* Pods.xcconfig */,
			);
			sourceTree = "<group>";
		};
		4E0EF7151799E6E300BA6C32 /* Products */ = {
			isa = PBXGroup;
			children = (
				4E0EF7141799E6E300BA6C32 /* Stand for Something.app */,
			);
			name = Products;
			sourceTree = "<group>";
		};
		4E0EF7161799E6E300BA6C32 /* Frameworks */ = {
			isa = PBXGroup;
			children = (
				4E6BB4DE18B64B65008B2F64 /* AudioToolbox.framework */,
				4E92042218AA64D00012A839 /* Social.framework */,
				4EDAE3D917B4F17000484E79 /* libz.dylib */,
				4E0D1FF317AD557C006B9098 /* CoreMotion.framework */,
				4E0D1FEE17AD3B97006B9098 /* CoreLocation.framework */,
				4E0EF7431799F0EE00BA6C32 /* MapKit.framework */,
				4E0EF7171799E6E300BA6C32 /* UIKit.framework */,
				4E0EF7191799E6E300BA6C32 /* Foundation.framework */,
				4E0EF71B1799E6E300BA6C32 /* CoreGraphics.framework */,
				BFF1116FFBCD472C835517F8 /* libPods.a */,
			);
			name = Frameworks;
			sourceTree = "<group>";
		};
		4E0EF71D1799E6E300BA6C32 /* Stand for Something */ = {
			isa = PBXGroup;
			children = (
				4E80F01A17CFCCF100194023 /* ActionButton.h */,
				4E80F01B17CFCCF100194023 /* ActionButton.m */,
				4E0EF7261799E6E300BA6C32 /* AppDelegate.h */,
				4E0EF7271799E6E300BA6C32 /* AppDelegate.m */,
				4E30214C180863540076FACB /* CustomViews */,
				4E80F02517CFDA3E00194023 /* FontLabel.h */,
				4E80F02617CFDA3E00194023 /* FontLabel.m */,
				4E9BA4B418ABB6F500C9A2DC /* Foursquare */,
				4E0EF72F1799E6E300BA6C32 /* MainStoryboard.storyboard */,
				4E398F8418AE678000F105A4 /* NSDictionary+URLEncoding.h */,
				4E398F8518AE678000F105A4 /* NSDictionary+URLEncoding.m */,
				4E9BA4B518ABC01500C9A2DC /* ShareViewController.h */,
				4E9BA4B618ABC01500C9A2DC /* ShareViewController.m */,
				4E48B7AE18BF6B1100969BC9 /* AboutViewController.h */,
				4E48B7AF18BF6B1100969BC9 /* AboutViewController.m */,
				4E80F01A17CFCCF100194023 /* ActionButton.h */,
				4E80F01B17CFCCF100194023 /* ActionButton.m */,
				4E0EF7401799EF2C00BA6C32 /* SquareListViewController.h */,
				4E0EF7411799EF2C00BA6C32 /* SquareListViewController.m */,
				4E80F01317CF990600194023 /* SquareTableViewCell.h */,
				4E80F01417CF990600194023 /* SquareTableViewCell.m */,
				4E0D1FF017AD3DF4006B9098 /* SquareViewController.h */,
				4E0D1FF117AD3DF4006B9098 /* SquareViewController.m */,
				4E92042418AA87A90012A839 /* StandManager.h */,
				4E92042518AA87A90012A839 /* StandManager.m */,
				4EE7A5FA17B92E8D00B2CF0A /* StandViewController.h */,
				4EE7A5FB17B92E8D00B2CF0A /* StandViewController.m */,
				4E0EF71E1799E6E300BA6C32 /* Supporting Files */,
				4E0EF7321799E6E300BA6C32 /* ViewController.h */,
				4E0EF7331799E6E300BA6C32 /* ViewController.m */,
			);
			path = "Stand for Something";
			sourceTree = "<group>";
		};
		4E0EF71E1799E6E300BA6C32 /* Supporting Files */ = {
			isa = PBXGroup;
			children = (
				4E80F01817CFCBDB00194023 /* kant.gpx */,
				4E80F00E17CF938F00194023 /* Chunk.otf */,
				4702DFA418BE29E8004B084F /* Courier Prime Bold.ttf */,
				472A77E317D204E7000EBDC0 /* Images */,
				4E0EF71F1799E6E300BA6C32 /* Stand for Something-Info.plist */,
				4E0EF7201799E6E300BA6C32 /* InfoPlist.strings */,
				4E0EF7231799E6E300BA6C32 /* main.m */,
				4E0EF7251799E6E300BA6C32 /* Stand for Something-Prefix.pch */,
				4765BB3818B4E22A001AA068 /* Images.xcassets */,
			);
			name = "Supporting Files";
			sourceTree = "<group>";
		};
		4E30214C180863540076FACB /* CustomViews */ = {
			isa = PBXGroup;
			children = (
				4E30214D1808636C0076FACB /* StandingView.xib */,
				4E302153180864880076FACB /* DoneView.xib */,
				4E30214F180863950076FACB /* GraceView.xib */,
				4E302151180864640076FACB /* StartView.xib */,
			);
			name = CustomViews;
			sourceTree = "<group>";
		};
		4E9BA4B418ABB6F500C9A2DC /* Foursquare */ = {
			isa = PBXGroup;
			children = (
				4E0EF73A1799EEA300BA6C32 /* FSN_categories.h */,
				4E0EF73B1799EEA300BA6C32 /* FSN_categories.m */,
				4E0EF73C1799EEA300BA6C32 /* FSNConnection.h */,
				4E0EF73D1799EEA300BA6C32 /* FSNConnection.m */,
				4E0EF73E1799EEA300BA6C32 /* FSNData.h */,
				4E0EF73F1799EEA300BA6C32 /* FSNData.m */,
			);
			name = Foursquare;
			sourceTree = "<group>";
		};
/* End PBXGroup section */

/* Begin PBXNativeTarget section */
		4E0EF7131799E6E300BA6C32 /* Stand for Something */ = {
			isa = PBXNativeTarget;
			buildConfigurationList = 4E0EF7371799E6E300BA6C32 /* Build configuration list for PBXNativeTarget "Stand for Something" */;
			buildPhases = (
				5017CEA41986442980371F1A /* Check Pods Manifest.lock */,
				4E0EF7101799E6E300BA6C32 /* Sources */,
				4E0EF7111799E6E300BA6C32 /* Frameworks */,
				4E0EF7121799E6E300BA6C32 /* Resources */,
				1EAE477A117A4DCA909E2E08 /* Copy Pods Resources */,
			);
			buildRules = (
			);
			dependencies = (
			);
			name = "Stand for Something";
			productName = "Stand for Something";
			productReference = 4E0EF7141799E6E300BA6C32 /* Stand for Something.app */;
			productType = "com.apple.product-type.application";
		};
/* End PBXNativeTarget section */

/* Begin PBXProject section */
		4E0EF70C1799E6E300BA6C32 /* Project object */ = {
			isa = PBXProject;
			attributes = {
				LastUpgradeCheck = 0460;
				ORGANIZATIONNAME = "Alper Cugun";
				TargetAttributes = {
					4E0EF7131799E6E300BA6C32 = {
						DevelopmentTeam = 7MZ2LL3346;
					};
				};
			};
			buildConfigurationList = 4E0EF70F1799E6E300BA6C32 /* Build configuration list for PBXProject "Stand for Something" */;
			compatibilityVersion = "Xcode 3.2";
			developmentRegion = English;
			hasScannedForEncodings = 0;
			knownRegions = (
				en,
			);
			mainGroup = 4E0EF70B1799E6E300BA6C32;
			productRefGroup = 4E0EF7151799E6E300BA6C32 /* Products */;
			projectDirPath = "";
			projectRoot = "";
			targets = (
				4E0EF7131799E6E300BA6C32 /* Stand for Something */,
			);
		};
/* End PBXProject section */

/* Begin PBXResourcesBuildPhase section */
		4E0EF7121799E6E300BA6C32 /* Resources */ = {
			isa = PBXResourcesBuildPhase;
			buildActionMask = 2147483647;
			files = (
				4E0EF7221799E6E300BA6C32 /* InfoPlist.strings in Resources */,
				4E0EF7311799E6E300BA6C32 /* MainStoryboard.storyboard in Resources */,
				47341AC817C615230076EB24 /* 2-1-Number-of-standers-icon.png in Resources */,
				47341AC917C615230076EB24 /* 2-1-Number-of-standers-icon@2x.png in Resources */,
				47341ADC17C6738E0076EB24 /* 3-2-Dot-on-map.png in Resources */,
				47341ADD17C6738E0076EB24 /* 3-2-Dot-on-map@2x.png in Resources */,
				47341AE017C675230076EB24 /* 3-3-Line-on-map.png in Resources */,
				4765BB3918B4E22A001AA068 /* Images.xcassets in Resources */,
				47341AE117C675230076EB24 /* 3-3-Line-on-map@2x.png in Resources */,
				4E80F00F17CF938F00194023 /* Chunk.otf in Resources */,
				4E80F01917CFCBDB00194023 /* kant.gpx in Resources */,
				47E435E1180437900081389D /* 58 - Settings & Spotlight@2x.png in Resources */,
				4E302154180864880076FACB /* DoneView.xib in Resources */,
				472A77EA17D20EBF000EBDC0 /* Default-568h.png in Resources */,
				472A77EB17D20EBF000EBDC0 /* Default-568h@2x.png in Resources */,
				472A77EC17D20EBF000EBDC0 /* Default.png in Resources */,
				4E302150180863950076FACB /* GraceView.xib in Resources */,
				472A77ED17D20EBF000EBDC0 /* Default@2x.png in Resources */,
				47BA160317E1B4B6008CD03C /* 4-1-Arrow-down.png in Resources */,
				47BA160417E1B4B6008CD03C /* 4-1-Arrow-down@2x.png in Resources */,
				47BA160517E1B4B6008CD03C /* 4-2-Close-button.png in Resources */,
				47BA160617E1B4B6008CD03C /* 4-2-Close-button@2x.png in Resources */,
				47BA160717E1B4B6008CD03C /* 4-3-Stand-button.png in Resources */,
				47BA160817E1B4B6008CD03C /* 4-3-Stand-button@2x.png in Resources */,
				4E302152180864640076FACB /* StartView.xib in Resources */,
				47BA160B17E1B6B1008CD03C /* 3-1-Back-arrow.png in Resources */,
				47E435DF180437900081389D /* 114 - App Icon@2x.png in Resources */,
				47BA160C17E1B6B1008CD03C /* 3-1-Back-arrow@2x.png in Resources */,
				47BA161717E31268008CD03C /* 4-5-Stripes-background.png in Resources */,
				47E435DE180437900081389D /* 114 - App Icon.png in Resources */,
				47BA161817E31268008CD03C /* 4-5-Stripes-background@2x.png in Resources */,
				47BA161B17E31867008CD03C /* 4-6-Stand-button-warning.png in Resources */,
				47BA161C17E31867008CD03C /* 4-6-Stand-button-warning@2x.png in Resources */,
				4702DFA518BE29E8004B084F /* Courier Prime Bold.ttf in Resources */,
				47BA161F17E31A29008CD03C /* 4-4-Stand-button-in-progress.png in Resources */,
				47BA162017E31A29008CD03C /* 4-4-Stand-button-in-progress@2x.png in Resources */,
				4E30214E1808636C0076FACB /* StandingView.xib in Resources */,
				47E435E0180437900081389D /* 58 - Settings & Spotlight.png in Resources */,
			);
			runOnlyForDeploymentPostprocessing = 0;
		};
/* End PBXResourcesBuildPhase section */

/* Begin PBXShellScriptBuildPhase section */
		1EAE477A117A4DCA909E2E08 /* Copy Pods Resources */ = {
			isa = PBXShellScriptBuildPhase;
			buildActionMask = 2147483647;
			files = (
			);
			inputPaths = (
			);
			name = "Copy Pods Resources";
			outputPaths = (
			);
			runOnlyForDeploymentPostprocessing = 0;
			shellPath = /bin/sh;
			shellScript = "\"${SRCROOT}/Pods/Pods-resources.sh\"\n";
			showEnvVarsInLog = 0;
		};
		5017CEA41986442980371F1A /* Check Pods Manifest.lock */ = {
			isa = PBXShellScriptBuildPhase;
			buildActionMask = 2147483647;
			files = (
			);
			inputPaths = (
			);
			name = "Check Pods Manifest.lock";
			outputPaths = (
			);
			runOnlyForDeploymentPostprocessing = 0;
			shellPath = /bin/sh;
			shellScript = "diff \"${PODS_ROOT}/../Podfile.lock\" \"${PODS_ROOT}/Manifest.lock\" > /dev/null\nif [[ $? != 0 ]] ; then\n    cat << EOM\nerror: The sandbox is not in sync with the Podfile.lock. Run 'pod install' or update your CocoaPods installation.\nEOM\n    exit 1\nfi\n";
			showEnvVarsInLog = 0;
		};
/* End PBXShellScriptBuildPhase section */

/* Begin PBXSourcesBuildPhase section */
		4E0EF7101799E6E300BA6C32 /* Sources */ = {
			isa = PBXSourcesBuildPhase;
			buildActionMask = 2147483647;
			files = (
				4E0EF7461799F3A800BA6C32 /* FSN_categories.m in Sources */,
				4E0EF7481799F3A800BA6C32 /* FSNConnection.m in Sources */,
				4E0EF74A1799F3A800BA6C32 /* FSNData.m in Sources */,
				4E0EF7241799E6E300BA6C32 /* main.m in Sources */,
				4E9BA4B718ABC01500C9A2DC /* ShareViewController.m in Sources */,
				4E0EF7281799E6E300BA6C32 /* AppDelegate.m in Sources */,
				4E0EF7341799E6E300BA6C32 /* ViewController.m in Sources */,
				4E0EF7421799EF2C00BA6C32 /* SquareListViewController.m in Sources */,
				4E0D1FF217AD3DF4006B9098 /* SquareViewController.m in Sources */,
				4E92042618AA87A90012A839 /* StandManager.m in Sources */,
				4E48B7B018BF6B1100969BC9 /* AboutViewController.m in Sources */,
				4EE7A5FC17B92E8D00B2CF0A /* StandViewController.m in Sources */,
				4E80F01517CF990600194023 /* SquareTableViewCell.m in Sources */,
				4E80F01C17CFCCF100194023 /* ActionButton.m in Sources */,
				4E80F02717CFDA3F00194023 /* FontLabel.m in Sources */,
				4E398F8618AE678000F105A4 /* NSDictionary+URLEncoding.m in Sources */,
			);
			runOnlyForDeploymentPostprocessing = 0;
		};
/* End PBXSourcesBuildPhase section */

/* Begin PBXVariantGroup section */
		4E0EF7201799E6E300BA6C32 /* InfoPlist.strings */ = {
			isa = PBXVariantGroup;
			children = (
				4E0EF7211799E6E300BA6C32 /* en */,
			);
			name = InfoPlist.strings;
			sourceTree = "<group>";
		};
		4E0EF72F1799E6E300BA6C32 /* MainStoryboard.storyboard */ = {
			isa = PBXVariantGroup;
			children = (
				4E0EF7301799E6E300BA6C32 /* en */,
			);
			name = MainStoryboard.storyboard;
			sourceTree = "<group>";
		};
/* End PBXVariantGroup section */

/* Begin XCBuildConfiguration section */
		4E0EF7351799E6E300BA6C32 /* Debug */ = {
			isa = XCBuildConfiguration;
			buildSettings = {
				ALWAYS_SEARCH_USER_PATHS = NO;
				CLANG_CXX_LANGUAGE_STANDARD = "gnu++0x";
				CLANG_CXX_LIBRARY = "libc++";
				CLANG_ENABLE_OBJC_ARC = YES;
				CLANG_WARN_CONSTANT_CONVERSION = YES;
				CLANG_WARN_EMPTY_BODY = YES;
				CLANG_WARN_ENUM_CONVERSION = YES;
				CLANG_WARN_INT_CONVERSION = YES;
				CLANG_WARN__DUPLICATE_METHOD_MATCH = YES;
				"CODE_SIGN_IDENTITY[sdk=iphoneos*]" = "iPhone Developer";
				COPY_PHASE_STRIP = NO;
				GCC_C_LANGUAGE_STANDARD = gnu99;
				GCC_DYNAMIC_NO_PIC = NO;
				GCC_OPTIMIZATION_LEVEL = 0;
				GCC_PREPROCESSOR_DEFINITIONS = (
					"DEBUG=1",
					"$(inherited)",
				);
				GCC_SYMBOLS_PRIVATE_EXTERN = NO;
				GCC_WARN_ABOUT_RETURN_TYPE = YES;
				GCC_WARN_UNINITIALIZED_AUTOS = YES;
				GCC_WARN_UNUSED_VARIABLE = YES;
				IPHONEOS_DEPLOYMENT_TARGET = 7.0;
				ONLY_ACTIVE_ARCH = YES;
				SDKROOT = iphoneos;
			};
			name = Debug;
		};
		4E0EF7361799E6E300BA6C32 /* Release */ = {
			isa = XCBuildConfiguration;
			buildSettings = {
				ALWAYS_SEARCH_USER_PATHS = NO;
				CLANG_CXX_LANGUAGE_STANDARD = "gnu++0x";
				CLANG_CXX_LIBRARY = "libc++";
				CLANG_ENABLE_OBJC_ARC = YES;
				CLANG_WARN_CONSTANT_CONVERSION = YES;
				CLANG_WARN_EMPTY_BODY = YES;
				CLANG_WARN_ENUM_CONVERSION = YES;
				CLANG_WARN_INT_CONVERSION = YES;
				CLANG_WARN__DUPLICATE_METHOD_MATCH = YES;
				"CODE_SIGN_IDENTITY[sdk=iphoneos*]" = "iPhone Developer";
				COPY_PHASE_STRIP = YES;
				GCC_C_LANGUAGE_STANDARD = gnu99;
				GCC_WARN_ABOUT_RETURN_TYPE = YES;
				GCC_WARN_UNINITIALIZED_AUTOS = YES;
				GCC_WARN_UNUSED_VARIABLE = YES;
				IPHONEOS_DEPLOYMENT_TARGET = 7.0;
				OTHER_CFLAGS = "-DNS_BLOCK_ASSERTIONS=1";
				SDKROOT = iphoneos;
				VALIDATE_PRODUCT = YES;
			};
			name = Release;
		};
		4E0EF7381799E6E300BA6C32 /* Debug */ = {
			isa = XCBuildConfiguration;
			baseConfigurationReference = 9133A8A5D683447690C17793 /* Pods.xcconfig */;
			buildSettings = {
				ASSETCATALOG_COMPILER_APPICON_NAME = AppIcon;
				ASSETCATALOG_COMPILER_LAUNCHIMAGE_NAME = LaunchImage;
				CODE_SIGN_IDENTITY = "iPhone Developer";
				"CODE_SIGN_IDENTITY[sdk=iphoneos*]" = "iPhone Developer";
				GCC_PRECOMPILE_PREFIX_HEADER = YES;
				GCC_PREFIX_HEADER = "Stand for Something/Stand for Something-Prefix.pch";
				INFOPLIST_FILE = "Stand for Something/Stand for Something-Info.plist";
				LIBRARY_SEARCH_PATHS = "$(inherited)";
				PRODUCT_NAME = "$(TARGET_NAME)";
				PROVISIONING_PROFILE = "";
				WRAPPER_EXTENSION = app;
			};
			name = Debug;
		};
		4E0EF7391799E6E300BA6C32 /* Release */ = {
			isa = XCBuildConfiguration;
			baseConfigurationReference = 9133A8A5D683447690C17793 /* Pods.xcconfig */;
			buildSettings = {
				ASSETCATALOG_COMPILER_APPICON_NAME = AppIcon;
				ASSETCATALOG_COMPILER_LAUNCHIMAGE_NAME = LaunchImage;
				CODE_SIGN_IDENTITY = "iPhone Developer";
				"CODE_SIGN_IDENTITY[sdk=iphoneos*]" = "iPhone Developer";
				GCC_PRECOMPILE_PREFIX_HEADER = YES;
				GCC_PREFIX_HEADER = "Stand for Something/Stand for Something-Prefix.pch";
				INFOPLIST_FILE = "Stand for Something/Stand for Something-Info.plist";
				LIBRARY_SEARCH_PATHS = "$(inherited)";
				PRODUCT_NAME = "$(TARGET_NAME)";
				PROVISIONING_PROFILE = "";
				WRAPPER_EXTENSION = app;
			};
			name = Release;
		};
		4EDAE3CF17B3F8AD00484E79 /* Ad Hoc */ = {
			isa = XCBuildConfiguration;
			buildSettings = {
				ALWAYS_SEARCH_USER_PATHS = NO;
				CLANG_CXX_LANGUAGE_STANDARD = "gnu++0x";
				CLANG_CXX_LIBRARY = "libc++";
				CLANG_ENABLE_OBJC_ARC = YES;
				CLANG_WARN_CONSTANT_CONVERSION = YES;
				CLANG_WARN_EMPTY_BODY = YES;
				CLANG_WARN_ENUM_CONVERSION = YES;
				CLANG_WARN_INT_CONVERSION = YES;
				CLANG_WARN__DUPLICATE_METHOD_MATCH = YES;
				"CODE_SIGN_IDENTITY[sdk=iphoneos*]" = "iPhone Developer";
				COPY_PHASE_STRIP = YES;
				GCC_C_LANGUAGE_STANDARD = gnu99;
				GCC_WARN_ABOUT_RETURN_TYPE = YES;
				GCC_WARN_UNINITIALIZED_AUTOS = YES;
				GCC_WARN_UNUSED_VARIABLE = YES;
				IPHONEOS_DEPLOYMENT_TARGET = 7.0;
				OTHER_CFLAGS = "-DNS_BLOCK_ASSERTIONS=1";
				SDKROOT = iphoneos;
				VALIDATE_PRODUCT = YES;
			};
			name = "Ad Hoc";
		};
		4EDAE3D017B3F8AD00484E79 /* Ad Hoc */ = {
			isa = XCBuildConfiguration;
			baseConfigurationReference = 9133A8A5D683447690C17793 /* Pods.xcconfig */;
			buildSettings = {
				ASSETCATALOG_COMPILER_APPICON_NAME = AppIcon;
				ASSETCATALOG_COMPILER_LAUNCHIMAGE_NAME = LaunchImage;
				CODE_SIGN_IDENTITY = "iPhone Developer";
				"CODE_SIGN_IDENTITY[sdk=iphoneos*]" = "iPhone Developer";
				GCC_PRECOMPILE_PREFIX_HEADER = YES;
				GCC_PREFIX_HEADER = "Stand for Something/Stand for Something-Prefix.pch";
				INFOPLIST_FILE = "Stand for Something/Stand for Something-Info.plist";
				LIBRARY_SEARCH_PATHS = "$(inherited)";
				PRODUCT_NAME = "$(TARGET_NAME)";
				PROVISIONING_PROFILE = "";
				WRAPPER_EXTENSION = app;
			};
			name = "Ad Hoc";
		};
/* End XCBuildConfiguration section */

/* Begin XCConfigurationList section */
		4E0EF70F1799E6E300BA6C32 /* Build configuration list for PBXProject "Stand for Something" */ = {
			isa = XCConfigurationList;
			buildConfigurations = (
				4E0EF7351799E6E300BA6C32 /* Debug */,
				4E0EF7361799E6E300BA6C32 /* Release */,
				4EDAE3CF17B3F8AD00484E79 /* Ad Hoc */,
			);
			defaultConfigurationIsVisible = 0;
			defaultConfigurationName = Release;
		};
		4E0EF7371799E6E300BA6C32 /* Build configuration list for PBXNativeTarget "Stand for Something" */ = {
			isa = XCConfigurationList;
			buildConfigurations = (
				4E0EF7381799E6E300BA6C32 /* Debug */,
				4E0EF7391799E6E300BA6C32 /* Release */,
				4EDAE3D017B3F8AD00484E79 /* Ad Hoc */,
			);
			defaultConfigurationIsVisible = 0;
			defaultConfigurationName = Release;
		};
/* End XCConfigurationList section */
	};
	rootObject = 4E0EF70C1799E6E300BA6C32 /* Project object */;
}
