// !$*UTF8*$!
{
	archiveVersion = 1;
	classes = {
	};
	objectVersion = 46;
	objects = {

/* Begin PBXBuildFile section */
		47341AC217C604BF0076EB24 /* Default-568h.png in Resources */ = {isa = PBXBuildFile; fileRef = 47341ABE17C604BF0076EB24 /* Default-568h.png */; };
		47341AC317C604BF0076EB24 /* Default-568h@2x.png in Resources */ = {isa = PBXBuildFile; fileRef = 47341ABF17C604BF0076EB24 /* Default-568h@2x.png */; };
		47341AC417C604BF0076EB24 /* Default.png in Resources */ = {isa = PBXBuildFile; fileRef = 47341AC017C604BF0076EB24 /* Default.png */; };
		47341AC517C604BF0076EB24 /* Default@2x.png in Resources */ = {isa = PBXBuildFile; fileRef = 47341AC117C604BF0076EB24 /* Default@2x.png */; };
		47341AC817C615230076EB24 /* 2-1-Number-of-standers-icon.png in Resources */ = {isa = PBXBuildFile; fileRef = 47341AC617C615230076EB24 /* 2-1-Number-of-standers-icon.png */; };
		47341AC917C615230076EB24 /* 2-1-Number-of-standers-icon@2x.png in Resources */ = {isa = PBXBuildFile; fileRef = 47341AC717C615230076EB24 /* 2-1-Number-of-standers-icon@2x.png */; };
		47341AD217C622080076EB24 /* 3-1-Back-arrow.png in Resources */ = {isa = PBXBuildFile; fileRef = 47341ACE17C622080076EB24 /* 3-1-Back-arrow.png */; };
		47341AD317C622080076EB24 /* 3-1-Back-arrow@2x.png in Resources */ = {isa = PBXBuildFile; fileRef = 47341ACF17C622080076EB24 /* 3-1-Back-arrow@2x.png */; };
		47341ADC17C6738E0076EB24 /* 3-2-Dot-on-map.png in Resources */ = {isa = PBXBuildFile; fileRef = 47341ADA17C6738E0076EB24 /* 3-2-Dot-on-map.png */; };
		47341ADD17C6738E0076EB24 /* 3-2-Dot-on-map@2x.png in Resources */ = {isa = PBXBuildFile; fileRef = 47341ADB17C6738E0076EB24 /* 3-2-Dot-on-map@2x.png */; };
		47341AE017C675230076EB24 /* 3-3-Line-on-map.png in Resources */ = {isa = PBXBuildFile; fileRef = 47341ADE17C675230076EB24 /* 3-3-Line-on-map.png */; };
		47341AE117C675230076EB24 /* 3-3-Line-on-map@2x.png in Resources */ = {isa = PBXBuildFile; fileRef = 47341ADF17C675230076EB24 /* 3-3-Line-on-map@2x.png */; };
		4E0D1FEF17AD3B97006B9098 /* CoreLocation.framework in Frameworks */ = {isa = PBXBuildFile; fileRef = 4E0D1FEE17AD3B97006B9098 /* CoreLocation.framework */; };
		4E0D1FF217AD3DF4006B9098 /* SquareViewController.m in Sources */ = {isa = PBXBuildFile; fileRef = 4E0D1FF117AD3DF4006B9098 /* SquareViewController.m */; };
		4E0D1FF417AD557C006B9098 /* CoreMotion.framework in Frameworks */ = {isa = PBXBuildFile; fileRef = 4E0D1FF317AD557C006B9098 /* CoreMotion.framework */; };
		4E0EF7181799E6E300BA6C32 /* UIKit.framework in Frameworks */ = {isa = PBXBuildFile; fileRef = 4E0EF7171799E6E300BA6C32 /* UIKit.framework */; };
		4E0EF71A1799E6E300BA6C32 /* Foundation.framework in Frameworks */ = {isa = PBXBuildFile; fileRef = 4E0EF7191799E6E300BA6C32 /* Foundation.framework */; };
		4E0EF71C1799E6E300BA6C32 /* CoreGraphics.framework in Frameworks */ = {isa = PBXBuildFile; fileRef = 4E0EF71B1799E6E300BA6C32 /* CoreGraphics.framework */; };
		4E0EF7221799E6E300BA6C32 /* InfoPlist.strings in Resources */ = {isa = PBXBuildFile; fileRef = 4E0EF7201799E6E300BA6C32 /* InfoPlist.strings */; };
		4E0EF7241799E6E300BA6C32 /* main.m in Sources */ = {isa = PBXBuildFile; fileRef = 4E0EF7231799E6E300BA6C32 /* main.m */; };
		4E0EF7281799E6E300BA6C32 /* AppDelegate.m in Sources */ = {isa = PBXBuildFile; fileRef = 4E0EF7271799E6E300BA6C32 /* AppDelegate.m */; };
		4E0EF7311799E6E300BA6C32 /* MainStoryboard.storyboard in Resources */ = {isa = PBXBuildFile; fileRef = 4E0EF72F1799E6E300BA6C32 /* MainStoryboard.storyboard */; };
		4E0EF7341799E6E300BA6C32 /* ViewController.m in Sources */ = {isa = PBXBuildFile; fileRef = 4E0EF7331799E6E300BA6C32 /* ViewController.m */; };
		4E0EF7421799EF2C00BA6C32 /* SquareListViewController.m in Sources */ = {isa = PBXBuildFile; fileRef = 4E0EF7411799EF2C00BA6C32 /* SquareListViewController.m */; };
		4E0EF7441799F0EE00BA6C32 /* MapKit.framework in Frameworks */ = {isa = PBXBuildFile; fileRef = 4E0EF7431799F0EE00BA6C32 /* MapKit.framework */; };
		4E0EF7461799F3A800BA6C32 /* FSN_categories.m in Sources */ = {isa = PBXBuildFile; fileRef = 4E0EF73B1799EEA300BA6C32 /* FSN_categories.m */; };
		4E0EF7481799F3A800BA6C32 /* FSNConnection.m in Sources */ = {isa = PBXBuildFile; fileRef = 4E0EF73D1799EEA300BA6C32 /* FSNConnection.m */; };
		4E0EF74A1799F3A800BA6C32 /* FSNData.m in Sources */ = {isa = PBXBuildFile; fileRef = 4E0EF73F1799EEA300BA6C32 /* FSNData.m */; };
		4E80F00F17CF938F00194023 /* Chunk.otf in Resources */ = {isa = PBXBuildFile; fileRef = 4E80F00E17CF938F00194023 /* Chunk.otf */; };
		4E80F01217CF945200194023 /* HeaderLabel.m in Sources */ = {isa = PBXBuildFile; fileRef = 4E80F01117CF945200194023 /* HeaderLabel.m */; };
		4E80F01517CF990600194023 /* SquareTableViewCell.m in Sources */ = {isa = PBXBuildFile; fileRef = 4E80F01417CF990600194023 /* SquareTableViewCell.m */; };
		4E80F01917CFCBDB00194023 /* kant.gpx in Resources */ = {isa = PBXBuildFile; fileRef = 4E80F01817CFCBDB00194023 /* kant.gpx */; };
		4E80F01C17CFCCF100194023 /* ActionButton.m in Sources */ = {isa = PBXBuildFile; fileRef = 4E80F01B17CFCCF100194023 /* ActionButton.m */; };
		4E80F01F17CFD1DD00194023 /* 4-1-Stand-button.png in Resources */ = {isa = PBXBuildFile; fileRef = 4E80F01D17CFD1DD00194023 /* 4-1-Stand-button.png */; };
		4E80F02017CFD1DD00194023 /* 4-1-Stand-button@2x.png in Resources */ = {isa = PBXBuildFile; fileRef = 4E80F01E17CFD1DD00194023 /* 4-1-Stand-button@2x.png */; };
		4E80F02317CFD94300194023 /* 4-1-Close-button.png in Resources */ = {isa = PBXBuildFile; fileRef = 4E80F02117CFD94300194023 /* 4-1-Close-button.png */; };
		4E80F02417CFD94300194023 /* 4-1-Close-button@2x.png in Resources */ = {isa = PBXBuildFile; fileRef = 4E80F02217CFD94300194023 /* 4-1-Close-button@2x.png */; };
		4E80F02717CFDA3F00194023 /* FontLabel.m in Sources */ = {isa = PBXBuildFile; fileRef = 4E80F02617CFDA3E00194023 /* FontLabel.m */; };
		4E985A0B17D0A65E006F07B2 /* 4-1-Arrow-down.png in Resources */ = {isa = PBXBuildFile; fileRef = 4E985A0917D0A65E006F07B2 /* 4-1-Arrow-down.png */; };
		4E985A0C17D0A65E006F07B2 /* 4-1-Arrow-down@2x.png in Resources */ = {isa = PBXBuildFile; fileRef = 4E985A0A17D0A65E006F07B2 /* 4-1-Arrow-down@2x.png */; };
		4EDAE3D617B4F12E00484E79 /* libTestFlight.a in Frameworks */ = {isa = PBXBuildFile; fileRef = 4EDAE3D217B4F12E00484E79 /* libTestFlight.a */; };
		4EDAE3DA17B4F17000484E79 /* libz.dylib in Frameworks */ = {isa = PBXBuildFile; fileRef = 4EDAE3D917B4F17000484E79 /* libz.dylib */; };
		4EE7A5FC17B92E8D00B2CF0A /* StandViewController.m in Sources */ = {isa = PBXBuildFile; fileRef = 4EE7A5FB17B92E8D00B2CF0A /* StandViewController.m */; };
/* End PBXBuildFile section */

/* Begin PBXFileReference section */
		47341ABE17C604BF0076EB24 /* Default-568h.png */ = {isa = PBXFileReference; lastKnownFileType = image.png; path = "Default-568h.png"; sourceTree = "<group>"; };
		47341ABF17C604BF0076EB24 /* Default-568h@2x.png */ = {isa = PBXFileReference; lastKnownFileType = image.png; path = "Default-568h@2x.png"; sourceTree = "<group>"; };
		47341AC017C604BF0076EB24 /* Default.png */ = {isa = PBXFileReference; lastKnownFileType = image.png; path = Default.png; sourceTree = "<group>"; };
		47341AC117C604BF0076EB24 /* Default@2x.png */ = {isa = PBXFileReference; lastKnownFileType = image.png; path = "Default@2x.png"; sourceTree = "<group>"; };
		47341AC617C615230076EB24 /* 2-1-Number-of-standers-icon.png */ = {isa = PBXFileReference; lastKnownFileType = image.png; path = "2-1-Number-of-standers-icon.png"; sourceTree = "<group>"; };
		47341AC717C615230076EB24 /* 2-1-Number-of-standers-icon@2x.png */ = {isa = PBXFileReference; lastKnownFileType = image.png; path = "2-1-Number-of-standers-icon@2x.png"; sourceTree = "<group>"; };
		47341ACE17C622080076EB24 /* 3-1-Back-arrow.png */ = {isa = PBXFileReference; lastKnownFileType = image.png; path = "3-1-Back-arrow.png"; sourceTree = "<group>"; };
		47341ACF17C622080076EB24 /* 3-1-Back-arrow@2x.png */ = {isa = PBXFileReference; lastKnownFileType = image.png; path = "3-1-Back-arrow@2x.png"; sourceTree = "<group>"; };
		47341ADA17C6738E0076EB24 /* 3-2-Dot-on-map.png */ = {isa = PBXFileReference; lastKnownFileType = image.png; path = "3-2-Dot-on-map.png"; sourceTree = "<group>"; };
		47341ADB17C6738E0076EB24 /* 3-2-Dot-on-map@2x.png */ = {isa = PBXFileReference; lastKnownFileType = image.png; path = "3-2-Dot-on-map@2x.png"; sourceTree = "<group>"; };
		47341ADE17C675230076EB24 /* 3-3-Line-on-map.png */ = {isa = PBXFileReference; lastKnownFileType = image.png; path = "3-3-Line-on-map.png"; sourceTree = "<group>"; };
		47341ADF17C675230076EB24 /* 3-3-Line-on-map@2x.png */ = {isa = PBXFileReference; lastKnownFileType = image.png; path = "3-3-Line-on-map@2x.png"; sourceTree = "<group>"; };
		4E0D1FEE17AD3B97006B9098 /* CoreLocation.framework */ = {isa = PBXFileReference; lastKnownFileType = wrapper.framework; name = CoreLocation.framework; path = System/Library/Frameworks/CoreLocation.framework; sourceTree = SDKROOT; };
		4E0D1FF017AD3DF4006B9098 /* SquareViewController.h */ = {isa = PBXFileReference; fileEncoding = 4; lastKnownFileType = sourcecode.c.h; path = SquareViewController.h; sourceTree = "<group>"; };
		4E0D1FF117AD3DF4006B9098 /* SquareViewController.m */ = {isa = PBXFileReference; fileEncoding = 4; lastKnownFileType = sourcecode.c.objc; path = SquareViewController.m; sourceTree = "<group>"; };
		4E0D1FF317AD557C006B9098 /* CoreMotion.framework */ = {isa = PBXFileReference; lastKnownFileType = wrapper.framework; name = CoreMotion.framework; path = System/Library/Frameworks/CoreMotion.framework; sourceTree = SDKROOT; };
		4E0EF7141799E6E300BA6C32 /* Stand for Something.app */ = {isa = PBXFileReference; explicitFileType = wrapper.application; includeInIndex = 0; path = "Stand for Something.app"; sourceTree = BUILT_PRODUCTS_DIR; };
		4E0EF7171799E6E300BA6C32 /* UIKit.framework */ = {isa = PBXFileReference; lastKnownFileType = wrapper.framework; name = UIKit.framework; path = System/Library/Frameworks/UIKit.framework; sourceTree = SDKROOT; };
		4E0EF7191799E6E300BA6C32 /* Foundation.framework */ = {isa = PBXFileReference; lastKnownFileType = wrapper.framework; name = Foundation.framework; path = System/Library/Frameworks/Foundation.framework; sourceTree = SDKROOT; };
		4E0EF71B1799E6E300BA6C32 /* CoreGraphics.framework */ = {isa = PBXFileReference; lastKnownFileType = wrapper.framework; name = CoreGraphics.framework; path = System/Library/Frameworks/CoreGraphics.framework; sourceTree = SDKROOT; };
		4E0EF71F1799E6E300BA6C32 /* Stand for Something-Info.plist */ = {isa = PBXFileReference; lastKnownFileType = text.plist.xml; path = "Stand for Something-Info.plist"; sourceTree = "<group>"; };
		4E0EF7211799E6E300BA6C32 /* en */ = {isa = PBXFileReference; lastKnownFileType = text.plist.strings; name = en; path = en.lproj/InfoPlist.strings; sourceTree = "<group>"; };
		4E0EF7231799E6E300BA6C32 /* main.m */ = {isa = PBXFileReference; lastKnownFileType = sourcecode.c.objc; path = main.m; sourceTree = "<group>"; };
		4E0EF7251799E6E300BA6C32 /* Stand for Something-Prefix.pch */ = {isa = PBXFileReference; lastKnownFileType = sourcecode.c.h; path = "Stand for Something-Prefix.pch"; sourceTree = "<group>"; };
		4E0EF7261799E6E300BA6C32 /* AppDelegate.h */ = {isa = PBXFileReference; lastKnownFileType = sourcecode.c.h; path = AppDelegate.h; sourceTree = "<group>"; };
		4E0EF7271799E6E300BA6C32 /* AppDelegate.m */ = {isa = PBXFileReference; lastKnownFileType = sourcecode.c.objc; path = AppDelegate.m; sourceTree = "<group>"; };
		4E0EF7301799E6E300BA6C32 /* en */ = {isa = PBXFileReference; lastKnownFileType = file.storyboard; name = en; path = en.lproj/MainStoryboard.storyboard; sourceTree = "<group>"; };
		4E0EF7321799E6E300BA6C32 /* ViewController.h */ = {isa = PBXFileReference; lastKnownFileType = sourcecode.c.h; path = ViewController.h; sourceTree = "<group>"; };
		4E0EF7331799E6E300BA6C32 /* ViewController.m */ = {isa = PBXFileReference; lastKnownFileType = sourcecode.c.objc; path = ViewController.m; sourceTree = "<group>"; };
		4E0EF73A1799EEA300BA6C32 /* FSN_categories.h */ = {isa = PBXFileReference; lastKnownFileType = sourcecode.c.h; path = FSN_categories.h; sourceTree = "<group>"; };
		4E0EF73B1799EEA300BA6C32 /* FSN_categories.m */ = {isa = PBXFileReference; lastKnownFileType = sourcecode.c.objc; path = FSN_categories.m; sourceTree = "<group>"; };
		4E0EF73C1799EEA300BA6C32 /* FSNConnection.h */ = {isa = PBXFileReference; lastKnownFileType = sourcecode.c.h; path = FSNConnection.h; sourceTree = "<group>"; };
		4E0EF73D1799EEA300BA6C32 /* FSNConnection.m */ = {isa = PBXFileReference; lastKnownFileType = sourcecode.c.objc; path = FSNConnection.m; sourceTree = "<group>"; };
		4E0EF73E1799EEA300BA6C32 /* FSNData.h */ = {isa = PBXFileReference; lastKnownFileType = sourcecode.c.h; path = FSNData.h; sourceTree = "<group>"; };
		4E0EF73F1799EEA300BA6C32 /* FSNData.m */ = {isa = PBXFileReference; lastKnownFileType = sourcecode.c.objc; path = FSNData.m; sourceTree = "<group>"; };
		4E0EF7401799EF2C00BA6C32 /* SquareListViewController.h */ = {isa = PBXFileReference; fileEncoding = 4; lastKnownFileType = sourcecode.c.h; path = SquareListViewController.h; sourceTree = "<group>"; };
		4E0EF7411799EF2C00BA6C32 /* SquareListViewController.m */ = {isa = PBXFileReference; fileEncoding = 4; lastKnownFileType = sourcecode.c.objc; path = SquareListViewController.m; sourceTree = "<group>"; };
		4E0EF7431799F0EE00BA6C32 /* MapKit.framework */ = {isa = PBXFileReference; lastKnownFileType = wrapper.framework; name = MapKit.framework; path = System/Library/Frameworks/MapKit.framework; sourceTree = SDKROOT; };
		4E80F00E17CF938F00194023 /* Chunk.otf */ = {isa = PBXFileReference; lastKnownFileType = file; path = Chunk.otf; sourceTree = "<group>"; };
		4E80F01017CF945200194023 /* HeaderLabel.h */ = {isa = PBXFileReference; fileEncoding = 4; lastKnownFileType = sourcecode.c.h; path = HeaderLabel.h; sourceTree = "<group>"; };
		4E80F01117CF945200194023 /* HeaderLabel.m */ = {isa = PBXFileReference; fileEncoding = 4; lastKnownFileType = sourcecode.c.objc; path = HeaderLabel.m; sourceTree = "<group>"; };
		4E80F01317CF990600194023 /* SquareTableViewCell.h */ = {isa = PBXFileReference; fileEncoding = 4; lastKnownFileType = sourcecode.c.h; path = SquareTableViewCell.h; sourceTree = "<group>"; };
		4E80F01417CF990600194023 /* SquareTableViewCell.m */ = {isa = PBXFileReference; fileEncoding = 4; lastKnownFileType = sourcecode.c.objc; path = SquareTableViewCell.m; sourceTree = "<group>"; };
		4E80F01817CFCBDB00194023 /* kant.gpx */ = {isa = PBXFileReference; fileEncoding = 4; lastKnownFileType = text.xml; path = kant.gpx; sourceTree = "<group>"; };
		4E80F01A17CFCCF100194023 /* ActionButton.h */ = {isa = PBXFileReference; fileEncoding = 4; lastKnownFileType = sourcecode.c.h; path = ActionButton.h; sourceTree = "<group>"; };
		4E80F01B17CFCCF100194023 /* ActionButton.m */ = {isa = PBXFileReference; fileEncoding = 4; lastKnownFileType = sourcecode.c.objc; path = ActionButton.m; sourceTree = "<group>"; };
		4E80F01D17CFD1DD00194023 /* 4-1-Stand-button.png */ = {isa = PBXFileReference; lastKnownFileType = image.png; path = "4-1-Stand-button.png"; sourceTree = "<group>"; };
		4E80F01E17CFD1DD00194023 /* 4-1-Stand-button@2x.png */ = {isa = PBXFileReference; lastKnownFileType = image.png; path = "4-1-Stand-button@2x.png"; sourceTree = "<group>"; };
		4E80F02117CFD94300194023 /* 4-1-Close-button.png */ = {isa = PBXFileReference; lastKnownFileType = image.png; path = "4-1-Close-button.png"; sourceTree = "<group>"; };
		4E80F02217CFD94300194023 /* 4-1-Close-button@2x.png */ = {isa = PBXFileReference; lastKnownFileType = image.png; path = "4-1-Close-button@2x.png"; sourceTree = "<group>"; };
		4E80F02517CFDA3E00194023 /* FontLabel.h */ = {isa = PBXFileReference; fileEncoding = 4; lastKnownFileType = sourcecode.c.h; path = FontLabel.h; sourceTree = "<group>"; };
		4E80F02617CFDA3E00194023 /* FontLabel.m */ = {isa = PBXFileReference; fileEncoding = 4; lastKnownFileType = sourcecode.c.objc; path = FontLabel.m; sourceTree = "<group>"; };
		4E985A0917D0A65E006F07B2 /* 4-1-Arrow-down.png */ = {isa = PBXFileReference; lastKnownFileType = image.png; path = "4-1-Arrow-down.png"; sourceTree = "<group>"; };
		4E985A0A17D0A65E006F07B2 /* 4-1-Arrow-down@2x.png */ = {isa = PBXFileReference; lastKnownFileType = image.png; path = "4-1-Arrow-down@2x.png"; sourceTree = "<group>"; };
		4EDAE3D217B4F12E00484E79 /* libTestFlight.a */ = {isa = PBXFileReference; lastKnownFileType = archive.ar; path = libTestFlight.a; sourceTree = "<group>"; };
		4EDAE3D517B4F12E00484E79 /* TestFlight.h */ = {isa = PBXFileReference; fileEncoding = 4; lastKnownFileType = sourcecode.c.h; path = TestFlight.h; sourceTree = "<group>"; };
		4EDAE3D917B4F17000484E79 /* libz.dylib */ = {isa = PBXFileReference; lastKnownFileType = "compiled.mach-o.dylib"; name = libz.dylib; path = usr/lib/libz.dylib; sourceTree = SDKROOT; };
		4EE7A5FA17B92E8D00B2CF0A /* StandViewController.h */ = {isa = PBXFileReference; fileEncoding = 4; lastKnownFileType = sourcecode.c.h; path = StandViewController.h; sourceTree = "<group>"; };
		4EE7A5FB17B92E8D00B2CF0A /* StandViewController.m */ = {isa = PBXFileReference; fileEncoding = 4; lastKnownFileType = sourcecode.c.objc; path = StandViewController.m; sourceTree = "<group>"; };
/* End PBXFileReference section */

/* Begin PBXFrameworksBuildPhase section */
		4E0EF7111799E6E300BA6C32 /* Frameworks */ = {
			isa = PBXFrameworksBuildPhase;
			buildActionMask = 2147483647;
			files = (
				4EDAE3DA17B4F17000484E79 /* libz.dylib in Frameworks */,
				4E0D1FF417AD557C006B9098 /* CoreMotion.framework in Frameworks */,
				4E0D1FEF17AD3B97006B9098 /* CoreLocation.framework in Frameworks */,
				4E0EF7441799F0EE00BA6C32 /* MapKit.framework in Frameworks */,
				4E0EF7181799E6E300BA6C32 /* UIKit.framework in Frameworks */,
				4E0EF71A1799E6E300BA6C32 /* Foundation.framework in Frameworks */,
				4E0EF71C1799E6E300BA6C32 /* CoreGraphics.framework in Frameworks */,
				4EDAE3D617B4F12E00484E79 /* libTestFlight.a in Frameworks */,
			);
			runOnlyForDeploymentPostprocessing = 0;
		};
/* End PBXFrameworksBuildPhase section */

/* Begin PBXGroup section */
		4E0EF70B1799E6E300BA6C32 = {
			isa = PBXGroup;
			children = (
				4E0EF71D1799E6E300BA6C32 /* Stand for Something */,
				4E0EF7161799E6E300BA6C32 /* Frameworks */,
				4E0EF7151799E6E300BA6C32 /* Products */,
			);
			sourceTree = "<group>";
		};
		4E0EF7151799E6E300BA6C32 /* Products */ = {
			isa = PBXGroup;
			children = (
				4E0EF7141799E6E300BA6C32 /* Stand for Something.app */,
			);
			name = Products;
			sourceTree = "<group>";
		};
		4E0EF7161799E6E300BA6C32 /* Frameworks */ = {
			isa = PBXGroup;
			children = (
				4EDAE3D917B4F17000484E79 /* libz.dylib */,
				4E0D1FF317AD557C006B9098 /* CoreMotion.framework */,
				4E0D1FEE17AD3B97006B9098 /* CoreLocation.framework */,
				4E0EF7431799F0EE00BA6C32 /* MapKit.framework */,
				4E0EF7171799E6E300BA6C32 /* UIKit.framework */,
				4E0EF7191799E6E300BA6C32 /* Foundation.framework */,
				4E0EF71B1799E6E300BA6C32 /* CoreGraphics.framework */,
			);
			name = Frameworks;
			sourceTree = "<group>";
		};
		4E0EF71D1799E6E300BA6C32 /* Stand for Something */ = {
			isa = PBXGroup;
			children = (
				4EDAE3D117B4F12E00484E79 /* TestFlightSDK1.2.6 */,
				4E0EF7261799E6E300BA6C32 /* AppDelegate.h */,
				4E0EF7271799E6E300BA6C32 /* AppDelegate.m */,
				4E80F01317CF990600194023 /* SquareTableViewCell.h */,
				4E80F01417CF990600194023 /* SquareTableViewCell.m */,
				4E0EF73A1799EEA300BA6C32 /* FSN_categories.h */,
				4E0EF73B1799EEA300BA6C32 /* FSN_categories.m */,
				4E0EF73C1799EEA300BA6C32 /* FSNConnection.h */,
				4E80F01017CF945200194023 /* HeaderLabel.h */,
				4E80F01117CF945200194023 /* HeaderLabel.m */,
				4E80F02517CFDA3E00194023 /* FontLabel.h */,
				4E80F02617CFDA3E00194023 /* FontLabel.m */,
				4E80F01A17CFCCF100194023 /* ActionButton.h */,
				4E80F01B17CFCCF100194023 /* ActionButton.m */,
				4E0EF73D1799EEA300BA6C32 /* FSNConnection.m */,
				4E0EF73E1799EEA300BA6C32 /* FSNData.h */,
				4E0EF73F1799EEA300BA6C32 /* FSNData.m */,
				4E0EF72F1799E6E300BA6C32 /* MainStoryboard.storyboard */,
				4E0EF7401799EF2C00BA6C32 /* SquareListViewController.h */,
				4E0EF7411799EF2C00BA6C32 /* SquareListViewController.m */,
				4E0D1FF017AD3DF4006B9098 /* SquareViewController.h */,
				4E0D1FF117AD3DF4006B9098 /* SquareViewController.m */,
				4EE7A5FA17B92E8D00B2CF0A /* StandViewController.h */,
				4EE7A5FB17B92E8D00B2CF0A /* StandViewController.m */,
				4E0EF71E1799E6E300BA6C32 /* Supporting Files */,
				4E0EF7321799E6E300BA6C32 /* ViewController.h */,
				4E0EF7331799E6E300BA6C32 /* ViewController.m */,
			);
			path = "Stand for Something";
			sourceTree = "<group>";
		};
		4E0EF71E1799E6E300BA6C32 /* Supporting Files */ = {
			isa = PBXGroup;
			children = (
				4E80F01817CFCBDB00194023 /* kant.gpx */,
				4E80F00E17CF938F00194023 /* Chunk.otf */,
				47341ADE17C675230076EB24 /* 3-3-Line-on-map.png */,
				47341ADF17C675230076EB24 /* 3-3-Line-on-map@2x.png */,
				47341ADA17C6738E0076EB24 /* 3-2-Dot-on-map.png */,
				47341ADB17C6738E0076EB24 /* 3-2-Dot-on-map@2x.png */,
				47341ACE17C622080076EB24 /* 3-1-Back-arrow.png */,
				47341ACF17C622080076EB24 /* 3-1-Back-arrow@2x.png */,
				47341AC617C615230076EB24 /* 2-1-Number-of-standers-icon.png */,
				47341AC717C615230076EB24 /* 2-1-Number-of-standers-icon@2x.png */,
				4E80F01D17CFD1DD00194023 /* 4-1-Stand-button.png */,
				4E80F01E17CFD1DD00194023 /* 4-1-Stand-button@2x.png */,
				4E80F02117CFD94300194023 /* 4-1-Close-button.png */,
				4E80F02217CFD94300194023 /* 4-1-Close-button@2x.png */,
				4E985A0917D0A65E006F07B2 /* 4-1-Arrow-down.png */,
				4E985A0A17D0A65E006F07B2 /* 4-1-Arrow-down@2x.png */,
				47341ABE17C604BF0076EB24 /* Default-568h.png */,
				47341ABF17C604BF0076EB24 /* Default-568h@2x.png */,
				47341AC017C604BF0076EB24 /* Default.png */,
				47341AC117C604BF0076EB24 /* Default@2x.png */,
				4E0EF71F1799E6E300BA6C32 /* Stand for Something-Info.plist */,
				4E0EF7201799E6E300BA6C32 /* InfoPlist.strings */,
				4E0EF7231799E6E300BA6C32 /* main.m */,
				4E0EF7251799E6E300BA6C32 /* Stand for Something-Prefix.pch */,
			);
			name = "Supporting Files";
			sourceTree = "<group>";
		};
		4EDAE3D117B4F12E00484E79 /* TestFlightSDK1.2.6 */ = {
			isa = PBXGroup;
			children = (
				4EDAE3D217B4F12E00484E79 /* libTestFlight.a */,
				4EDAE3D517B4F12E00484E79 /* TestFlight.h */,
			);
			path = TestFlightSDK1.2.6;
			sourceTree = "<group>";
		};
/* End PBXGroup section */

/* Begin PBXNativeTarget section */
		4E0EF7131799E6E300BA6C32 /* Stand for Something */ = {
			isa = PBXNativeTarget;
			buildConfigurationList = 4E0EF7371799E6E300BA6C32 /* Build configuration list for PBXNativeTarget "Stand for Something" */;
			buildPhases = (
				4E0EF7101799E6E300BA6C32 /* Sources */,
				4E0EF7111799E6E300BA6C32 /* Frameworks */,
				4E0EF7121799E6E300BA6C32 /* Resources */,
			);
			buildRules = (
			);
			dependencies = (
			);
			name = "Stand for Something";
			productName = "Stand for Something";
			productReference = 4E0EF7141799E6E300BA6C32 /* Stand for Something.app */;
			productType = "com.apple.product-type.application";
		};
/* End PBXNativeTarget section */

/* Begin PBXProject section */
		4E0EF70C1799E6E300BA6C32 /* Project object */ = {
			isa = PBXProject;
			attributes = {
				LastUpgradeCheck = 0460;
				ORGANIZATIONNAME = "Alper Cugun";
			};
			buildConfigurationList = 4E0EF70F1799E6E300BA6C32 /* Build configuration list for PBXProject "Stand for Something" */;
			compatibilityVersion = "Xcode 3.2";
			developmentRegion = English;
			hasScannedForEncodings = 0;
			knownRegions = (
				en,
			);
			mainGroup = 4E0EF70B1799E6E300BA6C32;
			productRefGroup = 4E0EF7151799E6E300BA6C32 /* Products */;
			projectDirPath = "";
			projectRoot = "";
			targets = (
				4E0EF7131799E6E300BA6C32 /* Stand for Something */,
			);
		};
/* End PBXProject section */

/* Begin PBXResourcesBuildPhase section */
		4E0EF7121799E6E300BA6C32 /* Resources */ = {
			isa = PBXResourcesBuildPhase;
			buildActionMask = 2147483647;
			files = (
				4E0EF7221799E6E300BA6C32 /* InfoPlist.strings in Resources */,
				4E0EF7311799E6E300BA6C32 /* MainStoryboard.storyboard in Resources */,
				47341AC217C604BF0076EB24 /* Default-568h.png in Resources */,
				47341AC317C604BF0076EB24 /* Default-568h@2x.png in Resources */,
				47341AC417C604BF0076EB24 /* Default.png in Resources */,
				47341AC517C604BF0076EB24 /* Default@2x.png in Resources */,
				47341AC817C615230076EB24 /* 2-1-Number-of-standers-icon.png in Resources */,
				47341AC917C615230076EB24 /* 2-1-Number-of-standers-icon@2x.png in Resources */,
				47341AD217C622080076EB24 /* 3-1-Back-arrow.png in Resources */,
				47341AD317C622080076EB24 /* 3-1-Back-arrow@2x.png in Resources */,
				47341ADC17C6738E0076EB24 /* 3-2-Dot-on-map.png in Resources */,
				47341ADD17C6738E0076EB24 /* 3-2-Dot-on-map@2x.png in Resources */,
				47341AE017C675230076EB24 /* 3-3-Line-on-map.png in Resources */,
				47341AE117C675230076EB24 /* 3-3-Line-on-map@2x.png in Resources */,
				4E80F00F17CF938F00194023 /* Chunk.otf in Resources */,
				4E80F01917CFCBDB00194023 /* kant.gpx in Resources */,
				4E80F01F17CFD1DD00194023 /* 4-1-Stand-button.png in Resources */,
				4E80F02017CFD1DD00194023 /* 4-1-Stand-button@2x.png in Resources */,
				4E80F02317CFD94300194023 /* 4-1-Close-button.png in Resources */,
				4E80F02417CFD94300194023 /* 4-1-Close-button@2x.png in Resources */,
				4E985A0B17D0A65E006F07B2 /* 4-1-Arrow-down.png in Resources */,
				4E985A0C17D0A65E006F07B2 /* 4-1-Arrow-down@2x.png in Resources */,
			);
			runOnlyForDeploymentPostprocessing = 0;
		};
/* End PBXResourcesBuildPhase section */

/* Begin PBXSourcesBuildPhase section */
		4E0EF7101799E6E300BA6C32 /* Sources */ = {
			isa = PBXSourcesBuildPhase;
			buildActionMask = 2147483647;
			files = (
				4E0EF7461799F3A800BA6C32 /* FSN_categories.m in Sources */,
				4E0EF7481799F3A800BA6C32 /* FSNConnection.m in Sources */,
				4E0EF74A1799F3A800BA6C32 /* FSNData.m in Sources */,
				4E0EF7241799E6E300BA6C32 /* main.m in Sources */,
				4E0EF7281799E6E300BA6C32 /* AppDelegate.m in Sources */,
				4E0EF7341799E6E300BA6C32 /* ViewController.m in Sources */,
				4E0EF7421799EF2C00BA6C32 /* SquareListViewController.m in Sources */,
				4E0D1FF217AD3DF4006B9098 /* SquareViewController.m in Sources */,
				4EE7A5FC17B92E8D00B2CF0A /* StandViewController.m in Sources */,
				4E80F01217CF945200194023 /* HeaderLabel.m in Sources */,
				4E80F01517CF990600194023 /* SquareTableViewCell.m in Sources */,
				4E80F01C17CFCCF100194023 /* ActionButton.m in Sources */,
				4E80F02717CFDA3F00194023 /* FontLabel.m in Sources */,
			);
			runOnlyForDeploymentPostprocessing = 0;
		};
/* End PBXSourcesBuildPhase section */

/* Begin PBXVariantGroup section */
		4E0EF7201799E6E300BA6C32 /* InfoPlist.strings */ = {
			isa = PBXVariantGroup;
			children = (
				4E0EF7211799E6E300BA6C32 /* en */,
			);
			name = InfoPlist.strings;
			sourceTree = "<group>";
		};
		4E0EF72F1799E6E300BA6C32 /* MainStoryboard.storyboard */ = {
			isa = PBXVariantGroup;
			children = (
				4E0EF7301799E6E300BA6C32 /* en */,
			);
			name = MainStoryboard.storyboard;
			sourceTree = "<group>";
		};
/* End PBXVariantGroup section */

/* Begin XCBuildConfiguration section */
		4E0EF7351799E6E300BA6C32 /* Debug */ = {
			isa = XCBuildConfiguration;
			buildSettings = {
				ALWAYS_SEARCH_USER_PATHS = NO;
				CLANG_CXX_LANGUAGE_STANDARD = "gnu++0x";
				CLANG_CXX_LIBRARY = "libc++";
				CLANG_ENABLE_OBJC_ARC = YES;
				CLANG_WARN_CONSTANT_CONVERSION = YES;
				CLANG_WARN_EMPTY_BODY = YES;
				CLANG_WARN_ENUM_CONVERSION = YES;
				CLANG_WARN_INT_CONVERSION = YES;
				CLANG_WARN__DUPLICATE_METHOD_MATCH = YES;
				"CODE_SIGN_IDENTITY[sdk=iphoneos*]" = "iPhone Developer";
				COPY_PHASE_STRIP = NO;
				GCC_C_LANGUAGE_STANDARD = gnu99;
				GCC_DYNAMIC_NO_PIC = NO;
				GCC_OPTIMIZATION_LEVEL = 0;
				GCC_PREPROCESSOR_DEFINITIONS = (
					"DEBUG=1",
					"$(inherited)",
				);
				GCC_SYMBOLS_PRIVATE_EXTERN = NO;
				GCC_WARN_ABOUT_RETURN_TYPE = YES;
				GCC_WARN_UNINITIALIZED_AUTOS = YES;
				GCC_WARN_UNUSED_VARIABLE = YES;
				IPHONEOS_DEPLOYMENT_TARGET = 6.1;
				ONLY_ACTIVE_ARCH = YES;
				SDKROOT = iphoneos;
			};
			name = Debug;
		};
		4E0EF7361799E6E300BA6C32 /* Release */ = {
			isa = XCBuildConfiguration;
			buildSettings = {
				ALWAYS_SEARCH_USER_PATHS = NO;
				CLANG_CXX_LANGUAGE_STANDARD = "gnu++0x";
				CLANG_CXX_LIBRARY = "libc++";
				CLANG_ENABLE_OBJC_ARC = YES;
				CLANG_WARN_CONSTANT_CONVERSION = YES;
				CLANG_WARN_EMPTY_BODY = YES;
				CLANG_WARN_ENUM_CONVERSION = YES;
				CLANG_WARN_INT_CONVERSION = YES;
				CLANG_WARN__DUPLICATE_METHOD_MATCH = YES;
				"CODE_SIGN_IDENTITY[sdk=iphoneos*]" = "iPhone Developer";
				COPY_PHASE_STRIP = YES;
				GCC_C_LANGUAGE_STANDARD = gnu99;
				GCC_WARN_ABOUT_RETURN_TYPE = YES;
				GCC_WARN_UNINITIALIZED_AUTOS = YES;
				GCC_WARN_UNUSED_VARIABLE = YES;
				IPHONEOS_DEPLOYMENT_TARGET = 6.1;
				OTHER_CFLAGS = "-DNS_BLOCK_ASSERTIONS=1";
				SDKROOT = iphoneos;
				VALIDATE_PRODUCT = YES;
			};
			name = Release;
		};
		4E0EF7381799E6E300BA6C32 /* Debug */ = {
			isa = XCBuildConfiguration;
			buildSettings = {
				GCC_PRECOMPILE_PREFIX_HEADER = YES;
				GCC_PREFIX_HEADER = "Stand for Something/Stand for Something-Prefix.pch";
				INFOPLIST_FILE = "Stand for Something/Stand for Something-Info.plist";
				LIBRARY_SEARCH_PATHS = (
					"$(inherited)",
					"\"$(SRCROOT)/Stand for Something/TestFlightSDK1.2.6\"",
				);
				PRODUCT_NAME = "$(TARGET_NAME)";
				WRAPPER_EXTENSION = app;
			};
			name = Debug;
		};
		4E0EF7391799E6E300BA6C32 /* Release */ = {
			isa = XCBuildConfiguration;
			buildSettings = {
				GCC_PRECOMPILE_PREFIX_HEADER = YES;
				GCC_PREFIX_HEADER = "Stand for Something/Stand for Something-Prefix.pch";
				INFOPLIST_FILE = "Stand for Something/Stand for Something-Info.plist";
				LIBRARY_SEARCH_PATHS = (
					"$(inherited)",
					"\"$(SRCROOT)/Stand for Something/TestFlightSDK1.2.6\"",
				);
				PRODUCT_NAME = "$(TARGET_NAME)";
				WRAPPER_EXTENSION = app;
			};
			name = Release;
		};
		4EDAE3CF17B3F8AD00484E79 /* Ad Hoc */ = {
			isa = XCBuildConfiguration;
			buildSettings = {
				ALWAYS_SEARCH_USER_PATHS = NO;
				CLANG_CXX_LANGUAGE_STANDARD = "gnu++0x";
				CLANG_CXX_LIBRARY = "libc++";
				CLANG_ENABLE_OBJC_ARC = YES;
				CLANG_WARN_CONSTANT_CONVERSION = YES;
				CLANG_WARN_EMPTY_BODY = YES;
				CLANG_WARN_ENUM_CONVERSION = YES;
				CLANG_WARN_INT_CONVERSION = YES;
				CLANG_WARN__DUPLICATE_METHOD_MATCH = YES;
				"CODE_SIGN_IDENTITY[sdk=iphoneos*]" = "iPhone Developer";
				COPY_PHASE_STRIP = YES;
				GCC_C_LANGUAGE_STANDARD = gnu99;
				GCC_WARN_ABOUT_RETURN_TYPE = YES;
				GCC_WARN_UNINITIALIZED_AUTOS = YES;
				GCC_WARN_UNUSED_VARIABLE = YES;
				IPHONEOS_DEPLOYMENT_TARGET = 6.1;
				OTHER_CFLAGS = "-DNS_BLOCK_ASSERTIONS=1";
				SDKROOT = iphoneos;
				VALIDATE_PRODUCT = YES;
			};
			name = "Ad Hoc";
		};
		4EDAE3D017B3F8AD00484E79 /* Ad Hoc */ = {
			isa = XCBuildConfiguration;
			buildSettings = {
				CODE_SIGN_IDENTITY = "iPhone Distribution: Alper Cugun (5WBE98GG8T)";
				GCC_PRECOMPILE_PREFIX_HEADER = YES;
				GCC_PREFIX_HEADER = "Stand for Something/Stand for Something-Prefix.pch";
				INFOPLIST_FILE = "Stand for Something/Stand for Something-Info.plist";
				LIBRARY_SEARCH_PATHS = (
					"$(inherited)",
					"\"$(SRCROOT)/Stand for Something/TestFlightSDK1.2.6\"",
				);
				PRODUCT_NAME = "$(TARGET_NAME)";
				PROVISIONING_PROFILE = "0675CE46-5E46-4ADC-B00B-DC5BD38EA74F";
				WRAPPER_EXTENSION = app;
			};
			name = "Ad Hoc";
		};
/* End XCBuildConfiguration section */

/* Begin XCConfigurationList section */
		4E0EF70F1799E6E300BA6C32 /* Build configuration list for PBXProject "Stand for Something" */ = {
			isa = XCConfigurationList;
			buildConfigurations = (
				4E0EF7351799E6E300BA6C32 /* Debug */,
				4E0EF7361799E6E300BA6C32 /* Release */,
				4EDAE3CF17B3F8AD00484E79 /* Ad Hoc */,
			);
			defaultConfigurationIsVisible = 0;
			defaultConfigurationName = Release;
		};
		4E0EF7371799E6E300BA6C32 /* Build configuration list for PBXNativeTarget "Stand for Something" */ = {
			isa = XCConfigurationList;
			buildConfigurations = (
				4E0EF7381799E6E300BA6C32 /* Debug */,
				4E0EF7391799E6E300BA6C32 /* Release */,
				4EDAE3D017B3F8AD00484E79 /* Ad Hoc */,
			);
			defaultConfigurationIsVisible = 0;
			defaultConfigurationName = Release;
		};
/* End XCConfigurationList section */
	};
	rootObject = 4E0EF70C1799E6E300BA6C32 /* Project object */;
}
